// !$*UTF8*$!
{
	archiveVersion = 1;
	classes = {
	};
	objectVersion = 50;
	objects = {

/* Begin PBXBuildFile section */
		D86FA18627B4A9C000D3E0CB /* AppDelegate.swift in Sources */ = {isa = PBXBuildFile; fileRef = D86FA18527B4A9C000D3E0CB /* AppDelegate.swift */; };
		D86FA18827B4A9C000D3E0CB /* SceneDelegate.swift in Sources */ = {isa = PBXBuildFile; fileRef = D86FA18727B4A9C000D3E0CB /* SceneDelegate.swift */; };
		D86FA18D27B4A9C000D3E0CB /* Main.storyboard in Resources */ = {isa = PBXBuildFile; fileRef = D86FA18B27B4A9C000D3E0CB /* Main.storyboard */; };
		D86FA18F27B4A9C000D3E0CB /* Assets.xcassets in Resources */ = {isa = PBXBuildFile; fileRef = D86FA18E27B4A9C000D3E0CB /* Assets.xcassets */; };
		D86FA19227B4A9C000D3E0CB /* LaunchScreen.storyboard in Resources */ = {isa = PBXBuildFile; fileRef = D86FA19027B4A9C000D3E0CB /* LaunchScreen.storyboard */; };
		D86FA19B27B5EE3600D3E0CB /* VencedorTableViewController.swift in Sources */ = {isa = PBXBuildFile; fileRef = D86FA19A27B5EE3600D3E0CB /* VencedorTableViewController.swift */; };
		D86FA1A427B5F07500D3E0CB /* CampeosCopaViewController.swift in Sources */ = {isa = PBXBuildFile; fileRef = D86FA1A327B5F07500D3E0CB /* CampeosCopaViewController.swift */; };
		D86FA1A927B5F4DD00D3E0CB /* CopaMundo.swift in Sources */ = {isa = PBXBuildFile; fileRef = D86FA1A827B5F4DD00D3E0CB /* CopaMundo.swift */; };
/* End PBXBuildFile section */

/* Begin PBXFileReference section */
		D86FA18227B4A9C000D3E0CB /* Treinamento1.11 - Campeoes da Compa do Mundo.app */ = {isa = PBXFileReference; explicitFileType = wrapper.application; includeInIndex = 0; path = "Treinamento1.11 - Campeoes da Compa do Mundo.app"; sourceTree = BUILT_PRODUCTS_DIR; };
		D86FA18527B4A9C000D3E0CB /* AppDelegate.swift */ = {isa = PBXFileReference; lastKnownFileType = sourcecode.swift; path = AppDelegate.swift; sourceTree = "<group>"; };
		D86FA18727B4A9C000D3E0CB /* SceneDelegate.swift */ = {isa = PBXFileReference; lastKnownFileType = sourcecode.swift; path = SceneDelegate.swift; sourceTree = "<group>"; };
		D86FA18C27B4A9C000D3E0CB /* Base */ = {isa = PBXFileReference; lastKnownFileType = file.storyboard; name = Base; path = Base.lproj/Main.storyboard; sourceTree = "<group>"; };
		D86FA18E27B4A9C000D3E0CB /* Assets.xcassets */ = {isa = PBXFileReference; lastKnownFileType = folder.assetcatalog; path = Assets.xcassets; sourceTree = "<group>"; };
		D86FA19127B4A9C000D3E0CB /* Base */ = {isa = PBXFileReference; lastKnownFileType = file.storyboard; name = Base; path = Base.lproj/LaunchScreen.storyboard; sourceTree = "<group>"; };
		D86FA19327B4A9C000D3E0CB /* Info.plist */ = {isa = PBXFileReference; lastKnownFileType = text.plist.xml; path = Info.plist; sourceTree = "<group>"; };
		D86FA19A27B5EE3600D3E0CB /* VencedorTableViewController.swift */ = {isa = PBXFileReference; lastKnownFileType = sourcecode.swift; path = VencedorTableViewController.swift; sourceTree = "<group>"; };
		D86FA1A327B5F07500D3E0CB /* CampeosCopaViewController.swift */ = {isa = PBXFileReference; lastKnownFileType = sourcecode.swift; path = CampeosCopaViewController.swift; sourceTree = "<group>"; };
		D86FA1A827B5F4DD00D3E0CB /* CopaMundo.swift */ = {isa = PBXFileReference; lastKnownFileType = sourcecode.swift; path = CopaMundo.swift; sourceTree = "<group>"; };
/* End PBXFileReference section */

/* Begin PBXFrameworksBuildPhase section */
		D86FA17F27B4A9C000D3E0CB /* Frameworks */ = {
			isa = PBXFrameworksBuildPhase;
			buildActionMask = 2147483647;
			files = (
			);
			runOnlyForDeploymentPostprocessing = 0;
		};
/* End PBXFrameworksBuildPhase section */

/* Begin PBXGroup section */
		D86FA17927B4A9BF00D3E0CB = {
			isa = PBXGroup;
			children = (
				D86FA18427B4A9C000D3E0CB /* Treinamento1.11 - Campeoes da Compa do Mundo */,
				D86FA18327B4A9C000D3E0CB /* Products */,
			);
			sourceTree = "<group>";
		};
		D86FA18327B4A9C000D3E0CB /* Products */ = {
			isa = PBXGroup;
			children = (
				D86FA18227B4A9C000D3E0CB /* Treinamento1.11 - Campeoes da Compa do Mundo.app */,
			);
			name = Products;
			sourceTree = "<group>";
		};
		D86FA18427B4A9C000D3E0CB /* Treinamento1.11 - Campeoes da Compa do Mundo */ = {
			isa = PBXGroup;
			children = (
				D86FA1A727B5F38400D3E0CB /* Model */,
				D86FA19D27B5EE8D00D3E0CB /* Views */,
				D86FA1A127B5EF3A00D3E0CB /* Controllers */,
				D86FA1A227B5EF7F00D3E0CB /* Files */,
				D86FA18527B4A9C000D3E0CB /* AppDelegate.swift */,
				D86FA18727B4A9C000D3E0CB /* SceneDelegate.swift */,
				D86FA18E27B4A9C000D3E0CB /* Assets.xcassets */,
				D86FA19327B4A9C000D3E0CB /* Info.plist */,
			);
			path = "Treinamento1.11 - Campeoes da Compa do Mundo";
			sourceTree = "<group>";
		};
		D86FA19D27B5EE8D00D3E0CB /* Views */ = {
			isa = PBXGroup;
			children = (
				D86FA18B27B4A9C000D3E0CB /* Main.storyboard */,
				D86FA19027B4A9C000D3E0CB /* LaunchScreen.storyboard */,
			);
			path = Views;
			sourceTree = "<group>";
		};
		D86FA1A127B5EF3A00D3E0CB /* Controllers */ = {
			isa = PBXGroup;
			children = (
				D86FA19A27B5EE3600D3E0CB /* VencedorTableViewController.swift */,
				D86FA1A327B5F07500D3E0CB /* CampeosCopaViewController.swift */,
			);
			path = Controllers;
			sourceTree = "<group>";
		};
		D86FA1A227B5EF7F00D3E0CB /* Files */ = {
			isa = PBXGroup;
			children = (
			);
			path = Files;
			sourceTree = "<group>";
		};
		D86FA1A727B5F38400D3E0CB /* Model */ = {
			isa = PBXGroup;
			children = (
				D86FA1A827B5F4DD00D3E0CB /* CopaMundo.swift */,
			);
			path = Model;
			sourceTree = "<group>";
		};
/* End PBXGroup section */

/* Begin PBXNativeTarget section */
		D86FA18127B4A9C000D3E0CB /* Treinamento1.11 - Campeoes da Compa do Mundo */ = {
			isa = PBXNativeTarget;
			buildConfigurationList = D86FA19627B4A9C000D3E0CB /* Build configuration list for PBXNativeTarget "Treinamento1.11 - Campeoes da Compa do Mundo" */;
			buildPhases = (
				D86FA17E27B4A9C000D3E0CB /* Sources */,
				D86FA17F27B4A9C000D3E0CB /* Frameworks */,
				D86FA18027B4A9C000D3E0CB /* Resources */,
			);
			buildRules = (
			);
			dependencies = (
			);
			name = "Treinamento1.11 - Campeoes da Compa do Mundo";
			productName = "Treinamento1.11 - Campeoes da Compa do Mundo";
			productReference = D86FA18227B4A9C000D3E0CB /* Treinamento1.11 - Campeoes da Compa do Mundo.app */;
			productType = "com.apple.product-type.application";
		};
/* End PBXNativeTarget section */

/* Begin PBXProject section */
		D86FA17A27B4A9BF00D3E0CB /* Project object */ = {
			isa = PBXProject;
			attributes = {
				LastSwiftUpdateCheck = 1220;
				LastUpgradeCheck = 1220;
				TargetAttributes = {
					D86FA18127B4A9C000D3E0CB = {
						CreatedOnToolsVersion = 12.2;
					};
				};
			};
			buildConfigurationList = D86FA17D27B4A9BF00D3E0CB /* Build configuration list for PBXProject "Treinamento1.11 - Campeoes da Compa do Mundo" */;
			compatibilityVersion = "Xcode 9.3";
			developmentRegion = en;
			hasScannedForEncodings = 0;
			knownRegions = (
				en,
				Base,
			);
			mainGroup = D86FA17927B4A9BF00D3E0CB;
			productRefGroup = D86FA18327B4A9C000D3E0CB /* Products */;
			projectDirPath = "";
			projectRoot = "";
			targets = (
				D86FA18127B4A9C000D3E0CB /* Treinamento1.11 - Campeoes da Compa do Mundo */,
			);
		};
/* End PBXProject section */

/* Begin PBXResourcesBuildPhase section */
		D86FA18027B4A9C000D3E0CB /* Resources */ = {
			isa = PBXResourcesBuildPhase;
			buildActionMask = 2147483647;
			files = (
				D86FA19227B4A9C000D3E0CB /* LaunchScreen.storyboard in Resources */,
				D86FA18F27B4A9C000D3E0CB /* Assets.xcassets in Resources */,
				D86FA18D27B4A9C000D3E0CB /* Main.storyboard in Resources */,
			);
			runOnlyForDeploymentPostprocessing = 0;
		};
/* End PBXResourcesBuildPhase section */

/* Begin PBXSourcesBuildPhase section */
		D86FA17E27B4A9C000D3E0CB /* Sources */ = {
			isa = PBXSourcesBuildPhase;
			buildActionMask = 2147483647;
			files = (
				D86FA1A927B5F4DD00D3E0CB /* CopaMundo.swift in Sources */,
				D86FA1A427B5F07500D3E0CB /* CampeosCopaViewController.swift in Sources */,
				D86FA18627B4A9C000D3E0CB /* AppDelegate.swift in Sources */,
				D86FA18827B4A9C000D3E0CB /* SceneDelegate.swift in Sources */,
				D86FA19B27B5EE3600D3E0CB /* VencedorTableViewController.swift in Sources */,
			);
			runOnlyForDeploymentPostprocessing = 0;
		};
/* End PBXSourcesBuildPhase section */

/* Begin PBXVariantGroup section */
		D86FA18B27B4A9C000D3E0CB /* Main.storyboard */ = {
			isa = PBXVariantGroup;
			children = (
				D86FA18C27B4A9C000D3E0CB /* Base */,
			);
			name = Main.storyboard;
			sourceTree = "<group>";
		};
		D86FA19027B4A9C000D3E0CB /* LaunchScreen.storyboard */ = {
			isa = PBXVariantGroup;
			children = (
				D86FA19127B4A9C000D3E0CB /* Base */,
			);
			name = LaunchScreen.storyboard;
			sourceTree = "<group>";
		};
/* End PBXVariantGroup section */

/* Begin XCBuildConfiguration section */
		D86FA19427B4A9C000D3E0CB /* Debug */ = {
			isa = XCBuildConfiguration;
			buildSettings = {
				ALWAYS_SEARCH_USER_PATHS = NO;
				CLANG_ANALYZER_NONNULL = YES;
				CLANG_ANALYZER_NUMBER_OBJECT_CONVERSION = YES_AGGRESSIVE;
				CLANG_CXX_LANGUAGE_STANDARD = "gnu++14";
				CLANG_CXX_LIBRARY = "libc++";
				CLANG_ENABLE_MODULES = YES;
				CLANG_ENABLE_OBJC_ARC = YES;
				CLANG_ENABLE_OBJC_WEAK = YES;
				CLANG_WARN_BLOCK_CAPTURE_AUTORELEASING = YES;
				CLANG_WARN_BOOL_CONVERSION = YES;
				CLANG_WARN_COMMA = YES;
				CLANG_WARN_CONSTANT_CONVERSION = YES;
				CLANG_WARN_DEPRECATED_OBJC_IMPLEMENTATIONS = YES;
				CLANG_WARN_DIRECT_OBJC_ISA_USAGE = YES_ERROR;
				CLANG_WARN_DOCUMENTATION_COMMENTS = YES;
				CLANG_WARN_EMPTY_BODY = YES;
				CLANG_WARN_ENUM_CONVERSION = YES;
				CLANG_WARN_INFINITE_RECURSION = YES;
				CLANG_WARN_INT_CONVERSION = YES;
				CLANG_WARN_NON_LITERAL_NULL_CONVERSION = YES;
				CLANG_WARN_OBJC_IMPLICIT_RETAIN_SELF = YES;
				CLANG_WARN_OBJC_LITERAL_CONVERSION = YES;
				CLANG_WARN_OBJC_ROOT_CLASS = YES_ERROR;
				CLANG_WARN_QUOTED_INCLUDE_IN_FRAMEWORK_HEADER = YES;
				CLANG_WARN_RANGE_LOOP_ANALYSIS = YES;
				CLANG_WARN_STRICT_PROTOTYPES = YES;
				CLANG_WARN_SUSPICIOUS_MOVE = YES;
				CLANG_WARN_UNGUARDED_AVAILABILITY = YES_AGGRESSIVE;
				CLANG_WARN_UNREACHABLE_CODE = YES;
				CLANG_WARN__DUPLICATE_METHOD_MATCH = YES;
				COPY_PHASE_STRIP = NO;
				DEBUG_INFORMATION_FORMAT = dwarf;
				ENABLE_STRICT_OBJC_MSGSEND = YES;
				ENABLE_TESTABILITY = YES;
				GCC_C_LANGUAGE_STANDARD = gnu11;
				GCC_DYNAMIC_NO_PIC = NO;
				GCC_NO_COMMON_BLOCKS = YES;
				GCC_OPTIMIZATION_LEVEL = 0;
				GCC_PREPROCESSOR_DEFINITIONS = (
					"DEBUG=1",
					"$(inherited)",
				);
				GCC_WARN_64_TO_32_BIT_CONVERSION = YES;
				GCC_WARN_ABOUT_RETURN_TYPE = YES_ERROR;
				GCC_WARN_UNDECLARED_SELECTOR = YES;
				GCC_WARN_UNINITIALIZED_AUTOS = YES_AGGRESSIVE;
				GCC_WARN_UNUSED_FUNCTION = YES;
				GCC_WARN_UNUSED_VARIABLE = YES;
				IPHONEOS_DEPLOYMENT_TARGET = 14.2;
				MTL_ENABLE_DEBUG_INFO = INCLUDE_SOURCE;
				MTL_FAST_MATH = YES;
				ONLY_ACTIVE_ARCH = YES;
				SDKROOT = iphoneos;
				SWIFT_ACTIVE_COMPILATION_CONDITIONS = DEBUG;
				SWIFT_OPTIMIZATION_LEVEL = "-Onone";
			};
			name = Debug;
		};
		D86FA19527B4A9C000D3E0CB /* Release */ = {
			isa = XCBuildConfiguration;
			buildSettings = {
				ALWAYS_SEARCH_USER_PATHS = NO;
				CLANG_ANALYZER_NONNULL = YES;
				CLANG_ANALYZER_NUMBER_OBJECT_CONVERSION = YES_AGGRESSIVE;
				CLANG_CXX_LANGUAGE_STANDARD = "gnu++14";
				CLANG_CXX_LIBRARY = "libc++";
				CLANG_ENABLE_MODULES = YES;
				CLANG_ENABLE_OBJC_ARC = YES;
				CLANG_ENABLE_OBJC_WEAK = YES;
				CLANG_WARN_BLOCK_CAPTURE_AUTORELEASING = YES;
				CLANG_WARN_BOOL_CONVERSION = YES;
				CLANG_WARN_COMMA = YES;
				CLANG_WARN_CONSTANT_CONVERSION = YES;
				CLANG_WARN_DEPRECATED_OBJC_IMPLEMENTATIONS = YES;
				CLANG_WARN_DIRECT_OBJC_ISA_USAGE = YES_ERROR;
				CLANG_WARN_DOCUMENTATION_COMMENTS = YES;
				CLANG_WARN_EMPTY_BODY = YES;
				CLANG_WARN_ENUM_CONVERSION = YES;
				CLANG_WARN_INFINITE_RECURSION = YES;
				CLANG_WARN_INT_CONVERSION = YES;
				CLANG_WARN_NON_LITERAL_NULL_CONVERSION = YES;
				CLANG_WARN_OBJC_IMPLICIT_RETAIN_SELF = YES;
				CLANG_WARN_OBJC_LITERAL_CONVERSION = YES;
				CLANG_WARN_OBJC_ROOT_CLASS = YES_ERROR;
				CLANG_WARN_QUOTED_INCLUDE_IN_FRAMEWORK_HEADER = YES;
				CLANG_WARN_RANGE_LOOP_ANALYSIS = YES;
				CLANG_WARN_STRICT_PROTOTYPES = YES;
				CLANG_WARN_SUSPICIOUS_MOVE = YES;
				CLANG_WARN_UNGUARDED_AVAILABILITY = YES_AGGRESSIVE;
				CLANG_WARN_UNREACHABLE_CODE = YES;
				CLANG_WARN__DUPLICATE_METHOD_MATCH = YES;
				COPY_PHASE_STRIP = NO;
				DEBUG_INFORMATION_FORMAT = "dwarf-with-dsym";
				ENABLE_NS_ASSERTIONS = NO;
				ENABLE_STRICT_OBJC_MSGSEND = YES;
				GCC_C_LANGUAGE_STANDARD = gnu11;
				GCC_NO_COMMON_BLOCKS = YES;
				GCC_WARN_64_TO_32_BIT_CONVERSION = YES;
				GCC_WARN_ABOUT_RETURN_TYPE = YES_ERROR;
				GCC_WARN_UNDECLARED_SELECTOR = YES;
				GCC_WARN_UNINITIALIZED_AUTOS = YES_AGGRESSIVE;
				GCC_WARN_UNUSED_FUNCTION = YES;
				GCC_WARN_UNUSED_VARIABLE = YES;
				IPHONEOS_DEPLOYMENT_TARGET = 14.2;
				MTL_ENABLE_DEBUG_INFO = NO;
				MTL_FAST_MATH = YES;
				SDKROOT = iphoneos;
				SWIFT_COMPILATION_MODE = wholemodule;
				SWIFT_OPTIMIZATION_LEVEL = "-O";
				VALIDATE_PRODUCT = YES;
			};
			name = Release;
		};
		D86FA19727B4A9C000D3E0CB /* Debug */ = {
			isa = XCBuildConfiguration;
			buildSettings = {
				ASSETCATALOG_COMPILER_APPICON_NAME = AppIcon;
				ASSETCATALOG_COMPILER_GLOBAL_ACCENT_COLOR_NAME = AccentColor;
				CODE_SIGN_STYLE = Automatic;
				INFOPLIST_FILE = "Treinamento1.11 - Campeoes da Compa do Mundo/Info.plist";
				LD_RUNPATH_SEARCH_PATHS = (
					"$(inherited)",
					"@executable_path/Frameworks",
				);
				PRODUCT_BUNDLE_IDENTIFIER = "br.com.cassios.Treinamento1-11---Campeoes-da-Compa-do-Mundo";
				PRODUCT_NAME = "$(TARGET_NAME)";
				SWIFT_VERSION = 5.0;
				TARGETED_DEVICE_FAMILY = "1,2";
			};
			name = Debug;
		};
		D86FA19827B4A9C000D3E0CB /* Release */ = {
			isa = XCBuildConfiguration;
			buildSettings = {
				ASSETCATALOG_COMPILER_APPICON_NAME = AppIcon;
				ASSETCATALOG_COMPILER_GLOBAL_ACCENT_COLOR_NAME = AccentColor;
				CODE_SIGN_STYLE = Automatic;
				INFOPLIST_FILE = "Treinamento1.11 - Campeoes da Compa do Mundo/Info.plist";
				LD_RUNPATH_SEARCH_PATHS = (
					"$(inherited)",
					"@executable_path/Frameworks",
				);
				PRODUCT_BUNDLE_IDENTIFIER = "br.com.cassios.Treinamento1-11---Campeoes-da-Compa-do-Mundo";
				PRODUCT_NAME = "$(TARGET_NAME)";
				SWIFT_VERSION = 5.0;
				TARGETED_DEVICE_FAMILY = "1,2";
			};
			name = Release;
		};
/* End XCBuildConfiguration section */

/* Begin XCConfigurationList section */
		D86FA17D27B4A9BF00D3E0CB /* Build configuration list for PBXProject "Treinamento1.11 - Campeoes da Compa do Mundo" */ = {
			isa = XCConfigurationList;
			buildConfigurations = (
				D86FA19427B4A9C000D3E0CB /* Debug */,
				D86FA19527B4A9C000D3E0CB /* Release */,
			);
			defaultConfigurationIsVisible = 0;
			defaultConfigurationName = Release;
		};
		D86FA19627B4A9C000D3E0CB /* Build configuration list for PBXNativeTarget "Treinamento1.11 - Campeoes da Compa do Mundo" */ = {
			isa = XCConfigurationList;
			buildConfigurations = (
				D86FA19727B4A9C000D3E0CB /* Debug */,
				D86FA19827B4A9C000D3E0CB /* Release */,
			);
			defaultConfigurationIsVisible = 0;
			defaultConfigurationName = Release;
		};
/* End XCConfigurationList section */
	};
	rootObject = D86FA17A27B4A9BF00D3E0CB /* Project object */;
}
