// !$*UTF8*$!
{
	archiveVersion = 1;
	classes = {
	};
	objectVersion = 50;
	objects = {

/* Begin PBXBuildFile section */
		D8670D1F27CC616A00C6396F /* Place.swift in Sources */ = {isa = PBXBuildFile; fileRef = D8670D1E27CC616A00C6396F /* Place.swift */; };
		D8675BFF27C482310026F3E5 /* PlacesTableViewController.swift in Sources */ = {isa = PBXBuildFile; fileRef = D8675BFE27C482310026F3E5 /* PlacesTableViewController.swift */; };
		D871E92D27C440AA00F96043 /* AppDelegate.swift in Sources */ = {isa = PBXBuildFile; fileRef = D871E92C27C440AA00F96043 /* AppDelegate.swift */; };
		D871E92F27C440AA00F96043 /* SceneDelegate.swift in Sources */ = {isa = PBXBuildFile; fileRef = D871E92E27C440AA00F96043 /* SceneDelegate.swift */; };
		D871E93427C440AA00F96043 /* Main.storyboard in Resources */ = {isa = PBXBuildFile; fileRef = D871E93227C440AA00F96043 /* Main.storyboard */; };
		D871E93927C440AB00F96043 /* LaunchScreen.storyboard in Resources */ = {isa = PBXBuildFile; fileRef = D871E93727C440AB00F96043 /* LaunchScreen.storyboard */; };
		D87DE92D27C5C485002E5E9C /* PlaceFinderViewController.swift in Sources */ = {isa = PBXBuildFile; fileRef = D87DE92C27C5C485002E5E9C /* PlaceFinderViewController.swift */; };
		D87DE93027C5C73D002E5E9C /* Assets.xcassets in Resources */ = {isa = PBXBuildFile; fileRef = D871E93527C440AB00F96043 /* Assets.xcassets */; };
		D880486F27C9CD0D0009EA45 /* MapaViewController.swift in Sources */ = {isa = PBXBuildFile; fileRef = D880486E27C9CD0D0009EA45 /* MapaViewController.swift */; };
/* End PBXBuildFile section */

/* Begin PBXFileReference section */
		D8670D1E27CC616A00C6396F /* Place.swift */ = {isa = PBXFileReference; lastKnownFileType = sourcecode.swift; path = Place.swift; sourceTree = "<group>"; };
		D8675BFE27C482310026F3E5 /* PlacesTableViewController.swift */ = {isa = PBXFileReference; lastKnownFileType = sourcecode.swift; path = PlacesTableViewController.swift; sourceTree = "<group>"; };
		D871E92927C440AA00F96043 /* Treinamento1.12- Manipulando mapas.app */ = {isa = PBXFileReference; explicitFileType = wrapper.application; includeInIndex = 0; path = "Treinamento1.12- Manipulando mapas.app"; sourceTree = BUILT_PRODUCTS_DIR; };
		D871E92C27C440AA00F96043 /* AppDelegate.swift */ = {isa = PBXFileReference; lastKnownFileType = sourcecode.swift; path = AppDelegate.swift; sourceTree = "<group>"; };
		D871E92E27C440AA00F96043 /* SceneDelegate.swift */ = {isa = PBXFileReference; lastKnownFileType = sourcecode.swift; path = SceneDelegate.swift; sourceTree = "<group>"; };
		D871E93327C440AA00F96043 /* Base */ = {isa = PBXFileReference; lastKnownFileType = file.storyboard; name = Base; path = Base.lproj/Main.storyboard; sourceTree = "<group>"; };
		D871E93527C440AB00F96043 /* Assets.xcassets */ = {isa = PBXFileReference; lastKnownFileType = folder.assetcatalog; path = Assets.xcassets; sourceTree = "<group>"; };
		D871E93827C440AB00F96043 /* Base */ = {isa = PBXFileReference; lastKnownFileType = file.storyboard; name = Base; path = Base.lproj/LaunchScreen.storyboard; sourceTree = "<group>"; };
		D871E93A27C440AB00F96043 /* Info.plist */ = {isa = PBXFileReference; lastKnownFileType = text.plist.xml; path = Info.plist; sourceTree = "<group>"; };
		D87DE92C27C5C485002E5E9C /* PlaceFinderViewController.swift */ = {isa = PBXFileReference; lastKnownFileType = sourcecode.swift; path = PlaceFinderViewController.swift; sourceTree = "<group>"; };
		D880486E27C9CD0D0009EA45 /* MapaViewController.swift */ = {isa = PBXFileReference; lastKnownFileType = sourcecode.swift; path = MapaViewController.swift; sourceTree = "<group>"; };
/* End PBXFileReference section */

/* Begin PBXFrameworksBuildPhase section */
		D871E92627C440AA00F96043 /* Frameworks */ = {
			isa = PBXFrameworksBuildPhase;
			buildActionMask = 2147483647;
			files = (
			);
			runOnlyForDeploymentPostprocessing = 0;
		};
/* End PBXFrameworksBuildPhase section */

/* Begin PBXGroup section */
		D871E92027C440AA00F96043 = {
			isa = PBXGroup;
			children = (
				D871E92B27C440AA00F96043 /* Treinamento1.12- Manipulando mapas */,
				D871E92A27C440AA00F96043 /* Products */,
			);
			sourceTree = "<group>";
		};
		D871E92A27C440AA00F96043 /* Products */ = {
			isa = PBXGroup;
			children = (
				D871E92927C440AA00F96043 /* Treinamento1.12- Manipulando mapas.app */,
			);
			name = Products;
			sourceTree = "<group>";
		};
		D871E92B27C440AA00F96043 /* Treinamento1.12- Manipulando mapas */ = {
			isa = PBXGroup;
			children = (
				D871E92C27C440AA00F96043 /* AppDelegate.swift */,
				D871E92E27C440AA00F96043 /* SceneDelegate.swift */,
				D871E93227C440AA00F96043 /* Main.storyboard */,
				D871E93527C440AB00F96043 /* Assets.xcassets */,
				D871E93727C440AB00F96043 /* LaunchScreen.storyboard */,
				D871E93A27C440AB00F96043 /* Info.plist */,
				D8675BFE27C482310026F3E5 /* PlacesTableViewController.swift */,
				D87DE92C27C5C485002E5E9C /* PlaceFinderViewController.swift */,
				D880486E27C9CD0D0009EA45 /* MapaViewController.swift */,
				D8670D1E27CC616A00C6396F /* Place.swift */,
			);
			path = "Treinamento1.12- Manipulando mapas";
			sourceTree = "<group>";
		};
/* End PBXGroup section */

/* Begin PBXNativeTarget section */
		D871E92827C440AA00F96043 /* Treinamento1.12- Manipulando mapas */ = {
			isa = PBXNativeTarget;
			buildConfigurationList = D871E93D27C440AB00F96043 /* Build configuration list for PBXNativeTarget "Treinamento1.12- Manipulando mapas" */;
			buildPhases = (
				D871E92527C440AA00F96043 /* Sources */,
				D871E92627C440AA00F96043 /* Frameworks */,
				D871E92727C440AA00F96043 /* Resources */,
			);
			buildRules = (
			);
			dependencies = (
			);
			name = "Treinamento1.12- Manipulando mapas";
			productName = "Treinamento1.12- Manipulando mapas";
			productReference = D871E92927C440AA00F96043 /* Treinamento1.12- Manipulando mapas.app */;
			productType = "com.apple.product-type.application";
		};
/* End PBXNativeTarget section */

/* Begin PBXProject section */
		D871E92127C440AA00F96043 /* Project object */ = {
			isa = PBXProject;
			attributes = {
				LastSwiftUpdateCheck = 1220;
				LastUpgradeCheck = 1220;
				TargetAttributes = {
					D871E92827C440AA00F96043 = {
						CreatedOnToolsVersion = 12.2;
					};
				};
			};
			buildConfigurationList = D871E92427C440AA00F96043 /* Build configuration list for PBXProject "Treinamento1.12- Manipulando mapas" */;
			compatibilityVersion = "Xcode 9.3";
			developmentRegion = en;
			hasScannedForEncodings = 0;
			knownRegions = (
				en,
				Base,
			);
			mainGroup = D871E92027C440AA00F96043;
			productRefGroup = D871E92A27C440AA00F96043 /* Products */;
			projectDirPath = "";
			projectRoot = "";
			targets = (
				D871E92827C440AA00F96043 /* Treinamento1.12- Manipulando mapas */,
			);
		};
/* End PBXProject section */

/* Begin PBXResourcesBuildPhase section */
		D871E92727C440AA00F96043 /* Resources */ = {
			isa = PBXResourcesBuildPhase;
			buildActionMask = 2147483647;
			files = (
				D871E93927C440AB00F96043 /* LaunchScreen.storyboard in Resources */,
				D87DE93027C5C73D002E5E9C /* Assets.xcassets in Resources */,
				D871E93427C440AA00F96043 /* Main.storyboard in Resources */,
			);
			runOnlyForDeploymentPostprocessing = 0;
		};
/* End PBXResourcesBuildPhase section */

/* Begin PBXSourcesBuildPhase section */
		D871E92527C440AA00F96043 /* Sources */ = {
			isa = PBXSourcesBuildPhase;
			buildActionMask = 2147483647;
			files = (
				D871E92D27C440AA00F96043 /* AppDelegate.swift in Sources */,
				D87DE92D27C5C485002E5E9C /* PlaceFinderViewController.swift in Sources */,
				D8670D1F27CC616A00C6396F /* Place.swift in Sources */,
				D880486F27C9CD0D0009EA45 /* MapaViewController.swift in Sources */,
				D871E92F27C440AA00F96043 /* SceneDelegate.swift in Sources */,
				D8675BFF27C482310026F3E5 /* PlacesTableViewController.swift in Sources */,
			);
			runOnlyForDeploymentPostprocessing = 0;
		};
/* End PBXSourcesBuildPhase section */

/* Begin PBXVariantGroup section */
		D871E93227C440AA00F96043 /* Main.storyboard */ = {
			isa = PBXVariantGroup;
			children = (
				D871E93327C440AA00F96043 /* Base */,
			);
			name = Main.storyboard;
			sourceTree = "<group>";
		};
		D871E93727C440AB00F96043 /* LaunchScreen.storyboard */ = {
			isa = PBXVariantGroup;
			children = (
				D871E93827C440AB00F96043 /* Base */,
			);
			name = LaunchScreen.storyboard;
			sourceTree = "<group>";
		};
/* End PBXVariantGroup section */

/* Begin XCBuildConfiguration section */
		D871E93B27C440AB00F96043 /* Debug */ = {
			isa = XCBuildConfiguration;
			buildSettings = {
				ALWAYS_SEARCH_USER_PATHS = NO;
				CLANG_ANALYZER_NONNULL = YES;
				CLANG_ANALYZER_NUMBER_OBJECT_CONVERSION = YES_AGGRESSIVE;
				CLANG_CXX_LANGUAGE_STANDARD = "gnu++14";
				CLANG_CXX_LIBRARY = "libc++";
				CLANG_ENABLE_MODULES = YES;
				CLANG_ENABLE_OBJC_ARC = YES;
				CLANG_ENABLE_OBJC_WEAK = YES;
				CLANG_WARN_BLOCK_CAPTURE_AUTORELEASING = YES;
				CLANG_WARN_BOOL_CONVERSION = YES;
				CLANG_WARN_COMMA = YES;
				CLANG_WARN_CONSTANT_CONVERSION = YES;
				CLANG_WARN_DEPRECATED_OBJC_IMPLEMENTATIONS = YES;
				CLANG_WARN_DIRECT_OBJC_ISA_USAGE = YES_ERROR;
				CLANG_WARN_DOCUMENTATION_COMMENTS = YES;
				CLANG_WARN_EMPTY_BODY = YES;
				CLANG_WARN_ENUM_CONVERSION = YES;
				CLANG_WARN_INFINITE_RECURSION = YES;
				CLANG_WARN_INT_CONVERSION = YES;
				CLANG_WARN_NON_LITERAL_NULL_CONVERSION = YES;
				CLANG_WARN_OBJC_IMPLICIT_RETAIN_SELF = YES;
				CLANG_WARN_OBJC_LITERAL_CONVERSION = YES;
				CLANG_WARN_OBJC_ROOT_CLASS = YES_ERROR;
				CLANG_WARN_QUOTED_INCLUDE_IN_FRAMEWORK_HEADER = YES;
				CLANG_WARN_RANGE_LOOP_ANALYSIS = YES;
				CLANG_WARN_STRICT_PROTOTYPES = YES;
				CLANG_WARN_SUSPICIOUS_MOVE = YES;
				CLANG_WARN_UNGUARDED_AVAILABILITY = YES_AGGRESSIVE;
				CLANG_WARN_UNREACHABLE_CODE = YES;
				CLANG_WARN__DUPLICATE_METHOD_MATCH = YES;
				COPY_PHASE_STRIP = NO;
				DEBUG_INFORMATION_FORMAT = dwarf;
				ENABLE_STRICT_OBJC_MSGSEND = YES;
				ENABLE_TESTABILITY = YES;
				GCC_C_LANGUAGE_STANDARD = gnu11;
				GCC_DYNAMIC_NO_PIC = NO;
				GCC_NO_COMMON_BLOCKS = YES;
				GCC_OPTIMIZATION_LEVEL = 0;
				GCC_PREPROCESSOR_DEFINITIONS = (
					"DEBUG=1",
					"$(inherited)",
				);
				GCC_WARN_64_TO_32_BIT_CONVERSION = YES;
				GCC_WARN_ABOUT_RETURN_TYPE = YES_ERROR;
				GCC_WARN_UNDECLARED_SELECTOR = YES;
				GCC_WARN_UNINITIALIZED_AUTOS = YES_AGGRESSIVE;
				GCC_WARN_UNUSED_FUNCTION = YES;
				GCC_WARN_UNUSED_VARIABLE = YES;
				IPHONEOS_DEPLOYMENT_TARGET = 14.2;
				MTL_ENABLE_DEBUG_INFO = INCLUDE_SOURCE;
				MTL_FAST_MATH = YES;
				ONLY_ACTIVE_ARCH = YES;
				SDKROOT = iphoneos;
				SWIFT_ACTIVE_COMPILATION_CONDITIONS = DEBUG;
				SWIFT_OPTIMIZATION_LEVEL = "-Onone";
			};
			name = Debug;
		};
		D871E93C27C440AB00F96043 /* Release */ = {
			isa = XCBuildConfiguration;
			buildSettings = {
				ALWAYS_SEARCH_USER_PATHS = NO;
				CLANG_ANALYZER_NONNULL = YES;
				CLANG_ANALYZER_NUMBER_OBJECT_CONVERSION = YES_AGGRESSIVE;
				CLANG_CXX_LANGUAGE_STANDARD = "gnu++14";
				CLANG_CXX_LIBRARY = "libc++";
				CLANG_ENABLE_MODULES = YES;
				CLANG_ENABLE_OBJC_ARC = YES;
				CLANG_ENABLE_OBJC_WEAK = YES;
				CLANG_WARN_BLOCK_CAPTURE_AUTORELEASING = YES;
				CLANG_WARN_BOOL_CONVERSION = YES;
				CLANG_WARN_COMMA = YES;
				CLANG_WARN_CONSTANT_CONVERSION = YES;
				CLANG_WARN_DEPRECATED_OBJC_IMPLEMENTATIONS = YES;
				CLANG_WARN_DIRECT_OBJC_ISA_USAGE = YES_ERROR;
				CLANG_WARN_DOCUMENTATION_COMMENTS = YES;
				CLANG_WARN_EMPTY_BODY = YES;
				CLANG_WARN_ENUM_CONVERSION = YES;
				CLANG_WARN_INFINITE_RECURSION = YES;
				CLANG_WARN_INT_CONVERSION = YES;
				CLANG_WARN_NON_LITERAL_NULL_CONVERSION = YES;
				CLANG_WARN_OBJC_IMPLICIT_RETAIN_SELF = YES;
				CLANG_WARN_OBJC_LITERAL_CONVERSION = YES;
				CLANG_WARN_OBJC_ROOT_CLASS = YES_ERROR;
				CLANG_WARN_QUOTED_INCLUDE_IN_FRAMEWORK_HEADER = YES;
				CLANG_WARN_RANGE_LOOP_ANALYSIS = YES;
				CLANG_WARN_STRICT_PROTOTYPES = YES;
				CLANG_WARN_SUSPICIOUS_MOVE = YES;
				CLANG_WARN_UNGUARDED_AVAILABILITY = YES_AGGRESSIVE;
				CLANG_WARN_UNREACHABLE_CODE = YES;
				CLANG_WARN__DUPLICATE_METHOD_MATCH = YES;
				COPY_PHASE_STRIP = NO;
				DEBUG_INFORMATION_FORMAT = "dwarf-with-dsym";
				ENABLE_NS_ASSERTIONS = NO;
				ENABLE_STRICT_OBJC_MSGSEND = YES;
				GCC_C_LANGUAGE_STANDARD = gnu11;
				GCC_NO_COMMON_BLOCKS = YES;
				GCC_WARN_64_TO_32_BIT_CONVERSION = YES;
				GCC_WARN_ABOUT_RETURN_TYPE = YES_ERROR;
				GCC_WARN_UNDECLARED_SELECTOR = YES;
				GCC_WARN_UNINITIALIZED_AUTOS = YES_AGGRESSIVE;
				GCC_WARN_UNUSED_FUNCTION = YES;
				GCC_WARN_UNUSED_VARIABLE = YES;
				IPHONEOS_DEPLOYMENT_TARGET = 14.2;
				MTL_ENABLE_DEBUG_INFO = NO;
				MTL_FAST_MATH = YES;
				SDKROOT = iphoneos;
				SWIFT_COMPILATION_MODE = wholemodule;
				SWIFT_OPTIMIZATION_LEVEL = "-O";
				VALIDATE_PRODUCT = YES;
			};
			name = Release;
		};
		D871E93E27C440AB00F96043 /* Debug */ = {
			isa = XCBuildConfiguration;
			buildSettings = {
				ASSETCATALOG_COMPILER_APPICON_NAME = AppIcon;
				ASSETCATALOG_COMPILER_GLOBAL_ACCENT_COLOR_NAME = AccentColor;
				CODE_SIGN_STYLE = Automatic;
				INFOPLIST_FILE = "Treinamento1.12- Manipulando mapas/Info.plist";
				LD_RUNPATH_SEARCH_PATHS = (
					"$(inherited)",
					"@executable_path/Frameworks",
				);
				PRODUCT_BUNDLE_IDENTIFIER = "br.com.cassios.Treinamento1-12--Manipulando-mapas";
				PRODUCT_NAME = "$(TARGET_NAME)";
				SWIFT_VERSION = 5.0;
				TARGETED_DEVICE_FAMILY = 1;
			};
			name = Debug;
		};
		D871E93F27C440AB00F96043 /* Release */ = {
			isa = XCBuildConfiguration;
			buildSettings = {
				ASSETCATALOG_COMPILER_APPICON_NAME = AppIcon;
				ASSETCATALOG_COMPILER_GLOBAL_ACCENT_COLOR_NAME = AccentColor;
				CODE_SIGN_STYLE = Automatic;
				INFOPLIST_FILE = "Treinamento1.12- Manipulando mapas/Info.plist";
				LD_RUNPATH_SEARCH_PATHS = (
					"$(inherited)",
					"@executable_path/Frameworks",
				);
				PRODUCT_BUNDLE_IDENTIFIER = "br.com.cassios.Treinamento1-12--Manipulando-mapas";
				PRODUCT_NAME = "$(TARGET_NAME)";
				SWIFT_VERSION = 5.0;
				TARGETED_DEVICE_FAMILY = 1;
			};
			name = Release;
		};
/* End XCBuildConfiguration section */

/* Begin XCConfigurationList section */
		D871E92427C440AA00F96043 /* Build configuration list for PBXProject "Treinamento1.12- Manipulando mapas" */ = {
			isa = XCConfigurationList;
			buildConfigurations = (
				D871E93B27C440AB00F96043 /* Debug */,
				D871E93C27C440AB00F96043 /* Release */,
			);
			defaultConfigurationIsVisible = 0;
			defaultConfigurationName = Release;
		};
		D871E93D27C440AB00F96043 /* Build configuration list for PBXNativeTarget "Treinamento1.12- Manipulando mapas" */ = {
			isa = XCConfigurationList;
			buildConfigurations = (
				D871E93E27C440AB00F96043 /* Debug */,
				D871E93F27C440AB00F96043 /* Release */,
			);
			defaultConfigurationIsVisible = 0;
			defaultConfigurationName = Release;
		};
/* End XCConfigurationList section */
	};
	rootObject = D871E92127C440AA00F96043 /* Project object */;
}
