// !$*UTF8*$!
{
	archiveVersion = 1;
	classes = {
	};
	objectVersion = 56;
	objects = {

/* Begin PBXBuildFile section */
		DF4D4E182C1108270009C8BE /* AppDelegate.swift in Sources */ = {isa = PBXBuildFile; fileRef = DF4D4E172C1108270009C8BE /* AppDelegate.swift */; };
		DF4D4E1A2C1108270009C8BE /* SceneDelegate.swift in Sources */ = {isa = PBXBuildFile; fileRef = DF4D4E192C1108270009C8BE /* SceneDelegate.swift */; };
		DF4D4E1C2C1108270009C8BE /* ViewController.swift in Sources */ = {isa = PBXBuildFile; fileRef = DF4D4E1B2C1108270009C8BE /* ViewController.swift */; };
		DF4D4E1F2C1108270009C8BE /* Base in Resources */ = {isa = PBXBuildFile; fileRef = DF4D4E1E2C1108270009C8BE /* Base */; };
		DF4D4E212C1108290009C8BE /* Assets.xcassets in Resources */ = {isa = PBXBuildFile; fileRef = DF4D4E202C1108290009C8BE /* Assets.xcassets */; };
		DF4D4E242C1108290009C8BE /* Base in Resources */ = {isa = PBXBuildFile; fileRef = DF4D4E232C1108290009C8BE /* Base */; };
		DF4D4E2F2C11082A0009C8BE /* Treinamento_07___ComprasUSATests.swift in Sources */ = {isa = PBXBuildFile; fileRef = DF4D4E2E2C11082A0009C8BE /* Treinamento_07___ComprasUSATests.swift */; };
		DF4D4E392C11082A0009C8BE /* Treinamento_07___ComprasUSAUITests.swift in Sources */ = {isa = PBXBuildFile; fileRef = DF4D4E382C11082A0009C8BE /* Treinamento_07___ComprasUSAUITests.swift */; };
		DF4D4E3B2C11082A0009C8BE /* Treinamento_07___ComprasUSAUITestsLaunchTests.swift in Sources */ = {isa = PBXBuildFile; fileRef = DF4D4E3A2C11082A0009C8BE /* Treinamento_07___ComprasUSAUITestsLaunchTests.swift */; };
		DF737D0A2C133F5C0058DED1 /* ShooppingViewController.swift in Sources */ = {isa = PBXBuildFile; fileRef = DF737D092C133F5C0058DED1 /* ShooppingViewController.swift */; };
		DF737D0E2C133F870058DED1 /* TaxesViewController.swift in Sources */ = {isa = PBXBuildFile; fileRef = DF737D0D2C133F870058DED1 /* TaxesViewController.swift */; };
		DF737D112C13435B0058DED1 /* SettingsViewController.swift in Sources */ = {isa = PBXBuildFile; fileRef = DF737D102C13435B0058DED1 /* SettingsViewController.swift */; };
/* End PBXBuildFile section */

/* Begin PBXContainerItemProxy section */
		DF4D4E2B2C11082A0009C8BE /* PBXContainerItemProxy */ = {
			isa = PBXContainerItemProxy;
			containerPortal = DF4D4E0C2C1108270009C8BE /* Project object */;
			proxyType = 1;
			remoteGlobalIDString = DF4D4E132C1108270009C8BE;
			remoteInfo = "Treinamento 07 - ComprasUSA";
		};
		DF4D4E352C11082A0009C8BE /* PBXContainerItemProxy */ = {
			isa = PBXContainerItemProxy;
			containerPortal = DF4D4E0C2C1108270009C8BE /* Project object */;
			proxyType = 1;
			remoteGlobalIDString = DF4D4E132C1108270009C8BE;
			remoteInfo = "Treinamento 07 - ComprasUSA";
		};
/* End PBXContainerItemProxy section */

/* Begin PBXFileReference section */
		DF4D4E142C1108270009C8BE /* Treinamento 07 - ComprasUSA.app */ = {isa = PBXFileReference; explicitFileType = wrapper.application; includeInIndex = 0; path = "Treinamento 07 - ComprasUSA.app"; sourceTree = BUILT_PRODUCTS_DIR; };
		DF4D4E172C1108270009C8BE /* AppDelegate.swift */ = {isa = PBXFileReference; lastKnownFileType = sourcecode.swift; path = AppDelegate.swift; sourceTree = "<group>"; };
		DF4D4E192C1108270009C8BE /* SceneDelegate.swift */ = {isa = PBXFileReference; lastKnownFileType = sourcecode.swift; path = SceneDelegate.swift; sourceTree = "<group>"; };
		DF4D4E1B2C1108270009C8BE /* ViewController.swift */ = {isa = PBXFileReference; lastKnownFileType = sourcecode.swift; path = ViewController.swift; sourceTree = "<group>"; };
		DF4D4E1E2C1108270009C8BE /* Base */ = {isa = PBXFileReference; lastKnownFileType = file.storyboard; name = Base; path = Base.lproj/Main.storyboard; sourceTree = "<group>"; };
		DF4D4E202C1108290009C8BE /* Assets.xcassets */ = {isa = PBXFileReference; lastKnownFileType = folder.assetcatalog; path = Assets.xcassets; sourceTree = "<group>"; };
		DF4D4E232C1108290009C8BE /* Base */ = {isa = PBXFileReference; lastKnownFileType = file.storyboard; name = Base; path = Base.lproj/LaunchScreen.storyboard; sourceTree = "<group>"; };
		DF4D4E252C1108290009C8BE /* Info.plist */ = {isa = PBXFileReference; lastKnownFileType = text.plist.xml; path = Info.plist; sourceTree = "<group>"; };
		DF4D4E2A2C11082A0009C8BE /* Treinamento 07 - ComprasUSATests.xctest */ = {isa = PBXFileReference; explicitFileType = wrapper.cfbundle; includeInIndex = 0; path = "Treinamento 07 - ComprasUSATests.xctest"; sourceTree = BUILT_PRODUCTS_DIR; };
		DF4D4E2E2C11082A0009C8BE /* Treinamento_07___ComprasUSATests.swift */ = {isa = PBXFileReference; lastKnownFileType = sourcecode.swift; path = "Treinamento_07___ComprasUSATests.swift"; sourceTree = "<group>"; };
		DF4D4E342C11082A0009C8BE /* Treinamento 07 - ComprasUSAUITests.xctest */ = {isa = PBXFileReference; explicitFileType = wrapper.cfbundle; includeInIndex = 0; path = "Treinamento 07 - ComprasUSAUITests.xctest"; sourceTree = BUILT_PRODUCTS_DIR; };
		DF4D4E382C11082A0009C8BE /* Treinamento_07___ComprasUSAUITests.swift */ = {isa = PBXFileReference; lastKnownFileType = sourcecode.swift; path = "Treinamento_07___ComprasUSAUITests.swift"; sourceTree = "<group>"; };
		DF4D4E3A2C11082A0009C8BE /* Treinamento_07___ComprasUSAUITestsLaunchTests.swift */ = {isa = PBXFileReference; lastKnownFileType = sourcecode.swift; path = "Treinamento_07___ComprasUSAUITestsLaunchTests.swift"; sourceTree = "<group>"; };
		DF737D092C133F5C0058DED1 /* ShooppingViewController.swift */ = {isa = PBXFileReference; lastKnownFileType = sourcecode.swift; path = ShooppingViewController.swift; sourceTree = "<group>"; };
		DF737D0D2C133F870058DED1 /* TaxesViewController.swift */ = {isa = PBXFileReference; lastKnownFileType = sourcecode.swift; path = TaxesViewController.swift; sourceTree = "<group>"; };
		DF737D102C13435B0058DED1 /* SettingsViewController.swift */ = {isa = PBXFileReference; lastKnownFileType = sourcecode.swift; path = SettingsViewController.swift; sourceTree = "<group>"; };
/* End PBXFileReference section */

/* Begin PBXFrameworksBuildPhase section */
		DF4D4E112C1108270009C8BE /* Frameworks */ = {
			isa = PBXFrameworksBuildPhase;
			buildActionMask = 2147483647;
			files = (
			);
			runOnlyForDeploymentPostprocessing = 0;
		};
		DF4D4E272C11082A0009C8BE /* Frameworks */ = {
			isa = PBXFrameworksBuildPhase;
			buildActionMask = 2147483647;
			files = (
			);
			runOnlyForDeploymentPostprocessing = 0;
		};
		DF4D4E312C11082A0009C8BE /* Frameworks */ = {
			isa = PBXFrameworksBuildPhase;
			buildActionMask = 2147483647;
			files = (
			);
			runOnlyForDeploymentPostprocessing = 0;
		};
/* End PBXFrameworksBuildPhase section */

/* Begin PBXGroup section */
		DF4D4E0B2C1108270009C8BE = {
			isa = PBXGroup;
			children = (
				DF4D4E162C1108270009C8BE /* Treinamento 07 - ComprasUSA */,
				DF4D4E2D2C11082A0009C8BE /* Treinamento 07 - ComprasUSATests */,
				DF4D4E372C11082A0009C8BE /* Treinamento 07 - ComprasUSAUITests */,
				DF4D4E152C1108270009C8BE /* Products */,
			);
			sourceTree = "<group>";
		};
		DF4D4E152C1108270009C8BE /* Products */ = {
			isa = PBXGroup;
			children = (
				DF4D4E142C1108270009C8BE /* Treinamento 07 - ComprasUSA.app */,
				DF4D4E2A2C11082A0009C8BE /* Treinamento 07 - ComprasUSATests.xctest */,
				DF4D4E342C11082A0009C8BE /* Treinamento 07 - ComprasUSAUITests.xctest */,
			);
			name = Products;
			sourceTree = "<group>";
		};
		DF4D4E162C1108270009C8BE /* Treinamento 07 - ComprasUSA */ = {
			isa = PBXGroup;
			children = (
				DF737D0F2C133F9E0058DED1 /* ViewController */,
				DF4D4E172C1108270009C8BE /* AppDelegate.swift */,
				DF4D4E192C1108270009C8BE /* SceneDelegate.swift */,
				DF4D4E1D2C1108270009C8BE /* Main.storyboard */,
				DF4D4E202C1108290009C8BE /* Assets.xcassets */,
				DF4D4E222C1108290009C8BE /* LaunchScreen.storyboard */,
				DF4D4E252C1108290009C8BE /* Info.plist */,
			);
			path = "Treinamento 07 - ComprasUSA";
			sourceTree = "<group>";
		};
		DF4D4E2D2C11082A0009C8BE /* Treinamento 07 - ComprasUSATests */ = {
			isa = PBXGroup;
			children = (
				DF4D4E2E2C11082A0009C8BE /* Treinamento_07___ComprasUSATests.swift */,
			);
			path = "Treinamento 07 - ComprasUSATests";
			sourceTree = "<group>";
		};
		DF4D4E372C11082A0009C8BE /* Treinamento 07 - ComprasUSAUITests */ = {
			isa = PBXGroup;
			children = (
				DF4D4E382C11082A0009C8BE /* Treinamento_07___ComprasUSAUITests.swift */,
				DF4D4E3A2C11082A0009C8BE /* Treinamento_07___ComprasUSAUITestsLaunchTests.swift */,
			);
			path = "Treinamento 07 - ComprasUSAUITests";
			sourceTree = "<group>";
		};
		DF737D0F2C133F9E0058DED1 /* ViewController */ = {
			isa = PBXGroup;
			children = (
				DF4D4E1B2C1108270009C8BE /* ViewController.swift */,
				DF737D092C133F5C0058DED1 /* ShooppingViewController.swift */,
				DF737D0D2C133F870058DED1 /* TaxesViewController.swift */,
				DF737D102C13435B0058DED1 /* SettingsViewController.swift */,
			);
			path = ViewController;
			sourceTree = "<group>";
		};
/* End PBXGroup section */

/* Begin PBXNativeTarget section */
		DF4D4E132C1108270009C8BE /* Treinamento 07 - ComprasUSA */ = {
			isa = PBXNativeTarget;
			buildConfigurationList = DF4D4E3E2C11082A0009C8BE /* Build configuration list for PBXNativeTarget "Treinamento 07 - ComprasUSA" */;
			buildPhases = (
				DF4D4E102C1108270009C8BE /* Sources */,
				DF4D4E112C1108270009C8BE /* Frameworks */,
				DF4D4E122C1108270009C8BE /* Resources */,
			);
			buildRules = (
			);
			dependencies = (
			);
			name = "Treinamento 07 - ComprasUSA";
			productName = "Treinamento 07 - ComprasUSA";
			productReference = DF4D4E142C1108270009C8BE /* Treinamento 07 - ComprasUSA.app */;
			productType = "com.apple.product-type.application";
		};
		DF4D4E292C11082A0009C8BE /* Treinamento 07 - ComprasUSATests */ = {
			isa = PBXNativeTarget;
			buildConfigurationList = DF4D4E412C11082A0009C8BE /* Build configuration list for PBXNativeTarget "Treinamento 07 - ComprasUSATests" */;
			buildPhases = (
				DF4D4E262C11082A0009C8BE /* Sources */,
				DF4D4E272C11082A0009C8BE /* Frameworks */,
				DF4D4E282C11082A0009C8BE /* Resources */,
			);
			buildRules = (
			);
			dependencies = (
				DF4D4E2C2C11082A0009C8BE /* PBXTargetDependency */,
			);
			name = "Treinamento 07 - ComprasUSATests";
			productName = "Treinamento 07 - ComprasUSATests";
			productReference = DF4D4E2A2C11082A0009C8BE /* Treinamento 07 - ComprasUSATests.xctest */;
			productType = "com.apple.product-type.bundle.unit-test";
		};
		DF4D4E332C11082A0009C8BE /* Treinamento 07 - ComprasUSAUITests */ = {
			isa = PBXNativeTarget;
			buildConfigurationList = DF4D4E442C11082A0009C8BE /* Build configuration list for PBXNativeTarget "Treinamento 07 - ComprasUSAUITests" */;
			buildPhases = (
				DF4D4E302C11082A0009C8BE /* Sources */,
				DF4D4E312C11082A0009C8BE /* Frameworks */,
				DF4D4E322C11082A0009C8BE /* Resources */,
			);
			buildRules = (
			);
			dependencies = (
				DF4D4E362C11082A0009C8BE /* PBXTargetDependency */,
			);
			name = "Treinamento 07 - ComprasUSAUITests";
			productName = "Treinamento 07 - ComprasUSAUITests";
			productReference = DF4D4E342C11082A0009C8BE /* Treinamento 07 - ComprasUSAUITests.xctest */;
			productType = "com.apple.product-type.bundle.ui-testing";
		};
/* End PBXNativeTarget section */

/* Begin PBXProject section */
		DF4D4E0C2C1108270009C8BE /* Project object */ = {
			isa = PBXProject;
			attributes = {
				BuildIndependentTargetsInParallel = 1;
				LastSwiftUpdateCheck = 1540;
				LastUpgradeCheck = 1540;
				TargetAttributes = {
					DF4D4E132C1108270009C8BE = {
						CreatedOnToolsVersion = 15.4;
					};
					DF4D4E292C11082A0009C8BE = {
						CreatedOnToolsVersion = 15.4;
						TestTargetID = DF4D4E132C1108270009C8BE;
					};
					DF4D4E332C11082A0009C8BE = {
						CreatedOnToolsVersion = 15.4;
						TestTargetID = DF4D4E132C1108270009C8BE;
					};
				};
			};
			buildConfigurationList = DF4D4E0F2C1108270009C8BE /* Build configuration list for PBXProject "Treinamento 07 - ComprasUSA" */;
			compatibilityVersion = "Xcode 14.0";
			developmentRegion = en;
			hasScannedForEncodings = 0;
			knownRegions = (
				en,
				Base,
			);
			mainGroup = DF4D4E0B2C1108270009C8BE;
			productRefGroup = DF4D4E152C1108270009C8BE /* Products */;
			projectDirPath = "";
			projectRoot = "";
			targets = (
				DF4D4E132C1108270009C8BE /* Treinamento 07 - ComprasUSA */,
				DF4D4E292C11082A0009C8BE /* Treinamento 07 - ComprasUSATests */,
				DF4D4E332C11082A0009C8BE /* Treinamento 07 - ComprasUSAUITests */,
			);
		};
/* End PBXProject section */

/* Begin PBXResourcesBuildPhase section */
		DF4D4E122C1108270009C8BE /* Resources */ = {
			isa = PBXResourcesBuildPhase;
			buildActionMask = 2147483647;
			files = (
				DF4D4E212C1108290009C8BE /* Assets.xcassets in Resources */,
				DF4D4E242C1108290009C8BE /* Base in Resources */,
				DF4D4E1F2C1108270009C8BE /* Base in Resources */,
			);
			runOnlyForDeploymentPostprocessing = 0;
		};
		DF4D4E282C11082A0009C8BE /* Resources */ = {
			isa = PBXResourcesBuildPhase;
			buildActionMask = 2147483647;
			files = (
			);
			runOnlyForDeploymentPostprocessing = 0;
		};
		DF4D4E322C11082A0009C8BE /* Resources */ = {
			isa = PBXResourcesBuildPhase;
			buildActionMask = 2147483647;
			files = (
			);
			runOnlyForDeploymentPostprocessing = 0;
		};
/* End PBXResourcesBuildPhase section */

/* Begin PBXSourcesBuildPhase section */
		DF4D4E102C1108270009C8BE /* Sources */ = {
			isa = PBXSourcesBuildPhase;
			buildActionMask = 2147483647;
			files = (
				DF737D0E2C133F870058DED1 /* TaxesViewController.swift in Sources */,
				DF4D4E1C2C1108270009C8BE /* ViewController.swift in Sources */,
				DF4D4E182C1108270009C8BE /* AppDelegate.swift in Sources */,
				DF737D0A2C133F5C0058DED1 /* ShooppingViewController.swift in Sources */,
				DF4D4E1A2C1108270009C8BE /* SceneDelegate.swift in Sources */,
				DF737D112C13435B0058DED1 /* SettingsViewController.swift in Sources */,
			);
			runOnlyForDeploymentPostprocessing = 0;
		};
		DF4D4E262C11082A0009C8BE /* Sources */ = {
			isa = PBXSourcesBuildPhase;
			buildActionMask = 2147483647;
			files = (
				DF4D4E2F2C11082A0009C8BE /* Treinamento_07___ComprasUSATests.swift in Sources */,
			);
			runOnlyForDeploymentPostprocessing = 0;
		};
		DF4D4E302C11082A0009C8BE /* Sources */ = {
			isa = PBXSourcesBuildPhase;
			buildActionMask = 2147483647;
			files = (
				DF4D4E3B2C11082A0009C8BE /* Treinamento_07___ComprasUSAUITestsLaunchTests.swift in Sources */,
				DF4D4E392C11082A0009C8BE /* Treinamento_07___ComprasUSAUITests.swift in Sources */,
			);
			runOnlyForDeploymentPostprocessing = 0;
		};
/* End PBXSourcesBuildPhase section */

/* Begin PBXTargetDependency section */
		DF4D4E2C2C11082A0009C8BE /* PBXTargetDependency */ = {
			isa = PBXTargetDependency;
			target = DF4D4E132C1108270009C8BE /* Treinamento 07 - ComprasUSA */;
			targetProxy = DF4D4E2B2C11082A0009C8BE /* PBXContainerItemProxy */;
		};
		DF4D4E362C11082A0009C8BE /* PBXTargetDependency */ = {
			isa = PBXTargetDependency;
			target = DF4D4E132C1108270009C8BE /* Treinamento 07 - ComprasUSA */;
			targetProxy = DF4D4E352C11082A0009C8BE /* PBXContainerItemProxy */;
		};
/* End PBXTargetDependency section */

/* Begin PBXVariantGroup section */
		DF4D4E1D2C1108270009C8BE /* Main.storyboard */ = {
			isa = PBXVariantGroup;
			children = (
				DF4D4E1E2C1108270009C8BE /* Base */,
			);
			name = Main.storyboard;
			sourceTree = "<group>";
		};
		DF4D4E222C1108290009C8BE /* LaunchScreen.storyboard */ = {
			isa = PBXVariantGroup;
			children = (
				DF4D4E232C1108290009C8BE /* Base */,
			);
			name = LaunchScreen.storyboard;
			sourceTree = "<group>";
		};
/* End PBXVariantGroup section */

/* Begin XCBuildConfiguration section */
		DF4D4E3C2C11082A0009C8BE /* Debug */ = {
			isa = XCBuildConfiguration;
			buildSettings = {
				ALWAYS_SEARCH_USER_PATHS = NO;
				ASSETCATALOG_COMPILER_GENERATE_SWIFT_ASSET_SYMBOL_EXTENSIONS = YES;
				CLANG_ANALYZER_NONNULL = YES;
				CLANG_ANALYZER_NUMBER_OBJECT_CONVERSION = YES_AGGRESSIVE;
				CLANG_CXX_LANGUAGE_STANDARD = "gnu++20";
				CLANG_ENABLE_MODULES = YES;
				CLANG_ENABLE_OBJC_ARC = YES;
				CLANG_ENABLE_OBJC_WEAK = YES;
				CLANG_WARN_BLOCK_CAPTURE_AUTORELEASING = YES;
				CLANG_WARN_BOOL_CONVERSION = YES;
				CLANG_WARN_COMMA = YES;
				CLANG_WARN_CONSTANT_CONVERSION = YES;
				CLANG_WARN_DEPRECATED_OBJC_IMPLEMENTATIONS = YES;
				CLANG_WARN_DIRECT_OBJC_ISA_USAGE = YES_ERROR;
				CLANG_WARN_DOCUMENTATION_COMMENTS = YES;
				CLANG_WARN_EMPTY_BODY = YES;
				CLANG_WARN_ENUM_CONVERSION = YES;
				CLANG_WARN_INFINITE_RECURSION = YES;
				CLANG_WARN_INT_CONVERSION = YES;
				CLANG_WARN_NON_LITERAL_NULL_CONVERSION = YES;
				CLANG_WARN_OBJC_IMPLICIT_RETAIN_SELF = YES;
				CLANG_WARN_OBJC_LITERAL_CONVERSION = YES;
				CLANG_WARN_OBJC_ROOT_CLASS = YES_ERROR;
				CLANG_WARN_QUOTED_INCLUDE_IN_FRAMEWORK_HEADER = YES;
				CLANG_WARN_RANGE_LOOP_ANALYSIS = YES;
				CLANG_WARN_STRICT_PROTOTYPES = YES;
				CLANG_WARN_SUSPICIOUS_MOVE = YES;
				CLANG_WARN_UNGUARDED_AVAILABILITY = YES_AGGRESSIVE;
				CLANG_WARN_UNREACHABLE_CODE = YES;
				CLANG_WARN__DUPLICATE_METHOD_MATCH = YES;
				COPY_PHASE_STRIP = NO;
				DEBUG_INFORMATION_FORMAT = dwarf;
				ENABLE_STRICT_OBJC_MSGSEND = YES;
				ENABLE_TESTABILITY = YES;
				ENABLE_USER_SCRIPT_SANDBOXING = YES;
				GCC_C_LANGUAGE_STANDARD = gnu17;
				GCC_DYNAMIC_NO_PIC = NO;
				GCC_NO_COMMON_BLOCKS = YES;
				GCC_OPTIMIZATION_LEVEL = 0;
				GCC_PREPROCESSOR_DEFINITIONS = (
					"DEBUG=1",
					"$(inherited)",
				);
				GCC_WARN_64_TO_32_BIT_CONVERSION = YES;
				GCC_WARN_ABOUT_RETURN_TYPE = YES_ERROR;
				GCC_WARN_UNDECLARED_SELECTOR = YES;
				GCC_WARN_UNINITIALIZED_AUTOS = YES_AGGRESSIVE;
				GCC_WARN_UNUSED_FUNCTION = YES;
				GCC_WARN_UNUSED_VARIABLE = YES;
				IPHONEOS_DEPLOYMENT_TARGET = 17.5;
				LOCALIZATION_PREFERS_STRING_CATALOGS = YES;
				MTL_ENABLE_DEBUG_INFO = INCLUDE_SOURCE;
				MTL_FAST_MATH = YES;
				ONLY_ACTIVE_ARCH = YES;
				SDKROOT = iphoneos;
				SWIFT_ACTIVE_COMPILATION_CONDITIONS = "DEBUG $(inherited)";
				SWIFT_OPTIMIZATION_LEVEL = "-Onone";
			};
			name = Debug;
		};
		DF4D4E3D2C11082A0009C8BE /* Release */ = {
			isa = XCBuildConfiguration;
			buildSettings = {
				ALWAYS_SEARCH_USER_PATHS = NO;
				ASSETCATALOG_COMPILER_GENERATE_SWIFT_ASSET_SYMBOL_EXTENSIONS = YES;
				CLANG_ANALYZER_NONNULL = YES;
				CLANG_ANALYZER_NUMBER_OBJECT_CONVERSION = YES_AGGRESSIVE;
				CLANG_CXX_LANGUAGE_STANDARD = "gnu++20";
				CLANG_ENABLE_MODULES = YES;
				CLANG_ENABLE_OBJC_ARC = YES;
				CLANG_ENABLE_OBJC_WEAK = YES;
				CLANG_WARN_BLOCK_CAPTURE_AUTORELEASING = YES;
				CLANG_WARN_BOOL_CONVERSION = YES;
				CLANG_WARN_COMMA = YES;
				CLANG_WARN_CONSTANT_CONVERSION = YES;
				CLANG_WARN_DEPRECATED_OBJC_IMPLEMENTATIONS = YES;
				CLANG_WARN_DIRECT_OBJC_ISA_USAGE = YES_ERROR;
				CLANG_WARN_DOCUMENTATION_COMMENTS = YES;
				CLANG_WARN_EMPTY_BODY = YES;
				CLANG_WARN_ENUM_CONVERSION = YES;
				CLANG_WARN_INFINITE_RECURSION = YES;
				CLANG_WARN_INT_CONVERSION = YES;
				CLANG_WARN_NON_LITERAL_NULL_CONVERSION = YES;
				CLANG_WARN_OBJC_IMPLICIT_RETAIN_SELF = YES;
				CLANG_WARN_OBJC_LITERAL_CONVERSION = YES;
				CLANG_WARN_OBJC_ROOT_CLASS = YES_ERROR;
				CLANG_WARN_QUOTED_INCLUDE_IN_FRAMEWORK_HEADER = YES;
				CLANG_WARN_RANGE_LOOP_ANALYSIS = YES;
				CLANG_WARN_STRICT_PROTOTYPES = YES;
				CLANG_WARN_SUSPICIOUS_MOVE = YES;
				CLANG_WARN_UNGUARDED_AVAILABILITY = YES_AGGRESSIVE;
				CLANG_WARN_UNREACHABLE_CODE = YES;
				CLANG_WARN__DUPLICATE_METHOD_MATCH = YES;
				COPY_PHASE_STRIP = NO;
				DEBUG_INFORMATION_FORMAT = "dwarf-with-dsym";
				ENABLE_NS_ASSERTIONS = NO;
				ENABLE_STRICT_OBJC_MSGSEND = YES;
				ENABLE_USER_SCRIPT_SANDBOXING = YES;
				GCC_C_LANGUAGE_STANDARD = gnu17;
				GCC_NO_COMMON_BLOCKS = YES;
				GCC_WARN_64_TO_32_BIT_CONVERSION = YES;
				GCC_WARN_ABOUT_RETURN_TYPE = YES_ERROR;
				GCC_WARN_UNDECLARED_SELECTOR = YES;
				GCC_WARN_UNINITIALIZED_AUTOS = YES_AGGRESSIVE;
				GCC_WARN_UNUSED_FUNCTION = YES;
				GCC_WARN_UNUSED_VARIABLE = YES;
				IPHONEOS_DEPLOYMENT_TARGET = 17.5;
				LOCALIZATION_PREFERS_STRING_CATALOGS = YES;
				MTL_ENABLE_DEBUG_INFO = NO;
				MTL_FAST_MATH = YES;
				SDKROOT = iphoneos;
				SWIFT_COMPILATION_MODE = wholemodule;
				VALIDATE_PRODUCT = YES;
			};
			name = Release;
		};
		DF4D4E3F2C11082A0009C8BE /* Debug */ = {
			isa = XCBuildConfiguration;
			buildSettings = {
				ASSETCATALOG_COMPILER_APPICON_NAME = AppIcon;
				ASSETCATALOG_COMPILER_GLOBAL_ACCENT_COLOR_NAME = AccentColor;
				CODE_SIGN_STYLE = Automatic;
				CURRENT_PROJECT_VERSION = 1;
				GENERATE_INFOPLIST_FILE = YES;
				INFOPLIST_FILE = "Treinamento 07 - ComprasUSA/Info.plist";
				INFOPLIST_KEY_UIApplicationSupportsIndirectInputEvents = YES;
				INFOPLIST_KEY_UILaunchStoryboardName = LaunchScreen;
				INFOPLIST_KEY_UIMainStoryboardFile = Main;
				INFOPLIST_KEY_UISupportedInterfaceOrientations_iPad = "UIInterfaceOrientationPortrait UIInterfaceOrientationPortraitUpsideDown UIInterfaceOrientationLandscapeLeft UIInterfaceOrientationLandscapeRight";
				INFOPLIST_KEY_UISupportedInterfaceOrientations_iPhone = "UIInterfaceOrientationPortrait UIInterfaceOrientationLandscapeLeft UIInterfaceOrientationLandscapeRight";
				LD_RUNPATH_SEARCH_PATHS = (
					"$(inherited)",
					"@executable_path/Frameworks",
				);
				MARKETING_VERSION = 1.0;
				PRODUCT_BUNDLE_IDENTIFIER = "cassiolucianodasilva.Treinamento-07---ComprasUSA";
				PRODUCT_NAME = "$(TARGET_NAME)";
				SWIFT_EMIT_LOC_STRINGS = YES;
				SWIFT_VERSION = 5.0;
				TARGETED_DEVICE_FAMILY = "1,2";
			};
			name = Debug;
		};
		DF4D4E402C11082A0009C8BE /* Release */ = {
			isa = XCBuildConfiguration;
			buildSettings = {
				ASSETCATALOG_COMPILER_APPICON_NAME = AppIcon;
				ASSETCATALOG_COMPILER_GLOBAL_ACCENT_COLOR_NAME = AccentColor;
				CODE_SIGN_STYLE = Automatic;
				CURRENT_PROJECT_VERSION = 1;
				GENERATE_INFOPLIST_FILE = YES;
				INFOPLIST_FILE = "Treinamento 07 - ComprasUSA/Info.plist";
				INFOPLIST_KEY_UIApplicationSupportsIndirectInputEvents = YES;
				INFOPLIST_KEY_UILaunchStoryboardName = LaunchScreen;
				INFOPLIST_KEY_UIMainStoryboardFile = Main;
				INFOPLIST_KEY_UISupportedInterfaceOrientations_iPad = "UIInterfaceOrientationPortrait UIInterfaceOrientationPortraitUpsideDown UIInterfaceOrientationLandscapeLeft UIInterfaceOrientationLandscapeRight";
				INFOPLIST_KEY_UISupportedInterfaceOrientations_iPhone = "UIInterfaceOrientationPortrait UIInterfaceOrientationLandscapeLeft UIInterfaceOrientationLandscapeRight";
				LD_RUNPATH_SEARCH_PATHS = (
					"$(inherited)",
					"@executable_path/Frameworks",
				);
				MARKETING_VERSION = 1.0;
				PRODUCT_BUNDLE_IDENTIFIER = "cassiolucianodasilva.Treinamento-07---ComprasUSA";
				PRODUCT_NAME = "$(TARGET_NAME)";
				SWIFT_EMIT_LOC_STRINGS = YES;
				SWIFT_VERSION = 5.0;
				TARGETED_DEVICE_FAMILY = "1,2";
			};
			name = Release;
		};
		DF4D4E422C11082A0009C8BE /* Debug */ = {
			isa = XCBuildConfiguration;
			buildSettings = {
				ALWAYS_EMBED_SWIFT_STANDARD_LIBRARIES = YES;
				BUNDLE_LOADER = "$(TEST_HOST)";
				CODE_SIGN_STYLE = Automatic;
				CURRENT_PROJECT_VERSION = 1;
				GENERATE_INFOPLIST_FILE = YES;
				IPHONEOS_DEPLOYMENT_TARGET = 17.5;
				MARKETING_VERSION = 1.0;
				PRODUCT_BUNDLE_IDENTIFIER = "cassiolucianodasilva.Treinamento-07---ComprasUSATests";
				PRODUCT_NAME = "$(TARGET_NAME)";
				SWIFT_EMIT_LOC_STRINGS = NO;
				SWIFT_VERSION = 5.0;
				TARGETED_DEVICE_FAMILY = "1,2";
				TEST_HOST = "$(BUILT_PRODUCTS_DIR)/Treinamento 07 - ComprasUSA.app/$(BUNDLE_EXECUTABLE_FOLDER_PATH)/Treinamento 07 - ComprasUSA";
			};
			name = Debug;
		};
		DF4D4E432C11082A0009C8BE /* Release */ = {
			isa = XCBuildConfiguration;
			buildSettings = {
				ALWAYS_EMBED_SWIFT_STANDARD_LIBRARIES = YES;
				BUNDLE_LOADER = "$(TEST_HOST)";
				CODE_SIGN_STYLE = Automatic;
				CURRENT_PROJECT_VERSION = 1;
				GENERATE_INFOPLIST_FILE = YES;
				IPHONEOS_DEPLOYMENT_TARGET = 17.5;
				MARKETING_VERSION = 1.0;
				PRODUCT_BUNDLE_IDENTIFIER = "cassiolucianodasilva.Treinamento-07---ComprasUSATests";
				PRODUCT_NAME = "$(TARGET_NAME)";
				SWIFT_EMIT_LOC_STRINGS = NO;
				SWIFT_VERSION = 5.0;
				TARGETED_DEVICE_FAMILY = "1,2";
				TEST_HOST = "$(BUILT_PRODUCTS_DIR)/Treinamento 07 - ComprasUSA.app/$(BUNDLE_EXECUTABLE_FOLDER_PATH)/Treinamento 07 - ComprasUSA";
			};
			name = Release;
		};
		DF4D4E452C11082A0009C8BE /* Debug */ = {
			isa = XCBuildConfiguration;
			buildSettings = {
				ALWAYS_EMBED_SWIFT_STANDARD_LIBRARIES = YES;
				CODE_SIGN_STYLE = Automatic;
				CURRENT_PROJECT_VERSION = 1;
				GENERATE_INFOPLIST_FILE = YES;
				MARKETING_VERSION = 1.0;
				PRODUCT_BUNDLE_IDENTIFIER = "cassiolucianodasilva.Treinamento-07---ComprasUSAUITests";
				PRODUCT_NAME = "$(TARGET_NAME)";
				SWIFT_EMIT_LOC_STRINGS = NO;
				SWIFT_VERSION = 5.0;
				TARGETED_DEVICE_FAMILY = "1,2";
				TEST_TARGET_NAME = "Treinamento 07 - ComprasUSA";
			};
			name = Debug;
		};
		DF4D4E462C11082A0009C8BE /* Release */ = {
			isa = XCBuildConfiguration;
			buildSettings = {
				ALWAYS_EMBED_SWIFT_STANDARD_LIBRARIES = YES;
				CODE_SIGN_STYLE = Automatic;
				CURRENT_PROJECT_VERSION = 1;
				GENERATE_INFOPLIST_FILE = YES;
				MARKETING_VERSION = 1.0;
				PRODUCT_BUNDLE_IDENTIFIER = "cassiolucianodasilva.Treinamento-07---ComprasUSAUITests";
				PRODUCT_NAME = "$(TARGET_NAME)";
				SWIFT_EMIT_LOC_STRINGS = NO;
				SWIFT_VERSION = 5.0;
				TARGETED_DEVICE_FAMILY = "1,2";
				TEST_TARGET_NAME = "Treinamento 07 - ComprasUSA";
			};
			name = Release;
		};
/* End XCBuildConfiguration section */

/* Begin XCConfigurationList section */
		DF4D4E0F2C1108270009C8BE /* Build configuration list for PBXProject "Treinamento 07 - ComprasUSA" */ = {
			isa = XCConfigurationList;
			buildConfigurations = (
				DF4D4E3C2C11082A0009C8BE /* Debug */,
				DF4D4E3D2C11082A0009C8BE /* Release */,
			);
			defaultConfigurationIsVisible = 0;
			defaultConfigurationName = Release;
		};
		DF4D4E3E2C11082A0009C8BE /* Build configuration list for PBXNativeTarget "Treinamento 07 - ComprasUSA" */ = {
			isa = XCConfigurationList;
			buildConfigurations = (
				DF4D4E3F2C11082A0009C8BE /* Debug */,
				DF4D4E402C11082A0009C8BE /* Release */,
			);
			defaultConfigurationIsVisible = 0;
			defaultConfigurationName = Release;
		};
		DF4D4E412C11082A0009C8BE /* Build configuration list for PBXNativeTarget "Treinamento 07 - ComprasUSATests" */ = {
			isa = XCConfigurationList;
			buildConfigurations = (
				DF4D4E422C11082A0009C8BE /* Debug */,
				DF4D4E432C11082A0009C8BE /* Release */,
			);
			defaultConfigurationIsVisible = 0;
			defaultConfigurationName = Release;
		};
		DF4D4E442C11082A0009C8BE /* Build configuration list for PBXNativeTarget "Treinamento 07 - ComprasUSAUITests" */ = {
			isa = XCConfigurationList;
			buildConfigurations = (
				DF4D4E452C11082A0009C8BE /* Debug */,
				DF4D4E462C11082A0009C8BE /* Release */,
			);
			defaultConfigurationIsVisible = 0;
			defaultConfigurationName = Release;
		};
/* End XCConfigurationList section */
	};
	rootObject = DF4D4E0C2C1108270009C8BE /* Project object */;
}
