// !$*UTF8*$!
{
	archiveVersion = 1;
	classes = {
	};
	objectVersion = 50;
	objects = {

/* Begin PBXBuildFile section */
		3C3EB4BF59497AFCB7991DF4 /* Pods_bank.framework in Frameworks */ = {isa = PBXBuildFile; fileRef = ABD4105073EE6F92D0A88EB7 /* Pods_bank.framework */; };
		BA72ECAB26DFB90000C8489C /* Refeicao.swift in Sources */ = {isa = PBXBuildFile; fileRef = BA72ECAA26DFB90000C8489C /* Refeicao.swift */; };
		BA72ECAD26DFB95100C8489C /* Item.swift in Sources */ = {isa = PBXBuildFile; fileRef = BA72ECAC26DFB95100C8489C /* Item.swift */; };
		BAE3594B26D979E60047DCE8 /* AppDelegate.swift in Sources */ = {isa = PBXBuildFile; fileRef = BAE3594A26D979E60047DCE8 /* AppDelegate.swift */; };
		BAE3594D26D979E60047DCE8 /* SceneDelegate.swift in Sources */ = {isa = PBXBuildFile; fileRef = BAE3594C26D979E60047DCE8 /* SceneDelegate.swift */; };
		BAE3594F26D979E60047DCE8 /* ViewController.swift in Sources */ = {isa = PBXBuildFile; fileRef = BAE3594E26D979E60047DCE8 /* ViewController.swift */; };
		BAE3595226D979E60047DCE8 /* Main.storyboard in Resources */ = {isa = PBXBuildFile; fileRef = BAE3595026D979E60047DCE8 /* Main.storyboard */; };
		BAE3595426D979E80047DCE8 /* Assets.xcassets in Resources */ = {isa = PBXBuildFile; fileRef = BAE3595326D979E80047DCE8 /* Assets.xcassets */; };
		BAE3595726D979E80047DCE8 /* LaunchScreen.storyboard in Resources */ = {isa = PBXBuildFile; fileRef = BAE3595526D979E80047DCE8 /* LaunchScreen.storyboard */; };
/* End PBXBuildFile section */

/* Begin PBXFileReference section */
		4DE5B60F19754FF90E6A8BF0 /* Pods-bank.debug.xcconfig */ = {isa = PBXFileReference; includeInIndex = 1; lastKnownFileType = text.xcconfig; name = "Pods-bank.debug.xcconfig"; path = "Target Support Files/Pods-bank/Pods-bank.debug.xcconfig"; sourceTree = "<group>"; };
		ABD4105073EE6F92D0A88EB7 /* Pods_bank.framework */ = {isa = PBXFileReference; explicitFileType = wrapper.framework; includeInIndex = 0; path = Pods_bank.framework; sourceTree = BUILT_PRODUCTS_DIR; };
		BA72ECA626DE9FFC00C8489C /* MyPlayground.playground */ = {isa = PBXFileReference; lastKnownFileType = file.playground; path = MyPlayground.playground; sourceTree = "<group>"; xcLanguageSpecificationIdentifier = xcode.lang.swift; };
		BA72ECA726DEA03600C8489C /* ClassExemplo.playground */ = {isa = PBXFileReference; lastKnownFileType = file.playground; name = ClassExemplo.playground; path = ../../ClassExemplo.playground; sourceTree = "<group>"; xcLanguageSpecificationIdentifier = xcode.lang.swift; };
		BA72ECA926DEC5C500C8489C /* OrientacaoObjetos.playground */ = {isa = PBXFileReference; lastKnownFileType = file.playground; name = OrientacaoObjetos.playground; path = ../../OrientacaoObjetos.playground; sourceTree = "<group>"; xcLanguageSpecificationIdentifier = xcode.lang.swift; };
		BA72ECAA26DFB90000C8489C /* Refeicao.swift */ = {isa = PBXFileReference; lastKnownFileType = sourcecode.swift; path = Refeicao.swift; sourceTree = "<group>"; };
		BA72ECAC26DFB95100C8489C /* Item.swift */ = {isa = PBXFileReference; lastKnownFileType = sourcecode.swift; path = Item.swift; sourceTree = "<group>"; };
		BAE3594726D979E60047DCE8 /* bank.app */ = {isa = PBXFileReference; explicitFileType = wrapper.application; includeInIndex = 0; path = bank.app; sourceTree = BUILT_PRODUCTS_DIR; };
		BAE3594A26D979E60047DCE8 /* AppDelegate.swift */ = {isa = PBXFileReference; lastKnownFileType = sourcecode.swift; path = AppDelegate.swift; sourceTree = "<group>"; };
		BAE3594C26D979E60047DCE8 /* SceneDelegate.swift */ = {isa = PBXFileReference; lastKnownFileType = sourcecode.swift; path = SceneDelegate.swift; sourceTree = "<group>"; };
		BAE3594E26D979E60047DCE8 /* ViewController.swift */ = {isa = PBXFileReference; lastKnownFileType = sourcecode.swift; path = ViewController.swift; sourceTree = "<group>"; };
		BAE3595126D979E60047DCE8 /* Base */ = {isa = PBXFileReference; lastKnownFileType = file.storyboard; name = Base; path = Base.lproj/Main.storyboard; sourceTree = "<group>"; };
		BAE3595326D979E80047DCE8 /* Assets.xcassets */ = {isa = PBXFileReference; lastKnownFileType = folder.assetcatalog; path = Assets.xcassets; sourceTree = "<group>"; };
		BAE3595626D979E80047DCE8 /* Base */ = {isa = PBXFileReference; lastKnownFileType = file.storyboard; name = Base; path = Base.lproj/LaunchScreen.storyboard; sourceTree = "<group>"; };
		BAE3595826D979E80047DCE8 /* Info.plist */ = {isa = PBXFileReference; lastKnownFileType = text.plist.xml; path = Info.plist; sourceTree = "<group>"; };
		C4A23E6D80A10BAFB746673F /* Pods-bank.release.xcconfig */ = {isa = PBXFileReference; includeInIndex = 1; lastKnownFileType = text.xcconfig; name = "Pods-bank.release.xcconfig"; path = "Target Support Files/Pods-bank/Pods-bank.release.xcconfig"; sourceTree = "<group>"; };
/* End PBXFileReference section */

/* Begin PBXFrameworksBuildPhase section */
		BAE3594426D979E60047DCE8 /* Frameworks */ = {
			isa = PBXFrameworksBuildPhase;
			buildActionMask = 2147483647;
			files = (
				3C3EB4BF59497AFCB7991DF4 /* Pods_bank.framework in Frameworks */,
			);
			runOnlyForDeploymentPostprocessing = 0;
		};
/* End PBXFrameworksBuildPhase section */

/* Begin PBXGroup section */
		96976C941685D4C2CF2DECC9 /* Frameworks */ = {
			isa = PBXGroup;
			children = (
				ABD4105073EE6F92D0A88EB7 /* Pods_bank.framework */,
			);
			name = Frameworks;
			sourceTree = "<group>";
		};
		B4E306CBE74AA67524F31D22 /* Pods */ = {
			isa = PBXGroup;
			children = (
				4DE5B60F19754FF90E6A8BF0 /* Pods-bank.debug.xcconfig */,
				C4A23E6D80A10BAFB746673F /* Pods-bank.release.xcconfig */,
			);
			path = Pods;
			sourceTree = "<group>";
		};
		BA72ECA526DE9FE300C8489C /* Playground */ = {
			isa = PBXGroup;
			children = (
				BA72ECA926DEC5C500C8489C /* OrientacaoObjetos.playground */,
				BA72ECA726DEA03600C8489C /* ClassExemplo.playground */,
				BA72ECA626DE9FFC00C8489C /* MyPlayground.playground */,
			);
			path = Playground;
			sourceTree = "<group>";
		};
		BA72ECAE26DFBA8100C8489C /* Models */ = {
			isa = PBXGroup;
			children = (
				BA72ECAA26DFB90000C8489C /* Refeicao.swift */,
				BA72ECAC26DFB95100C8489C /* Item.swift */,
			);
			path = Models;
			sourceTree = "<group>";
		};
		BA72ECAF26DFBAA400C8489C /* Views */ = {
			isa = PBXGroup;
			children = (
				BAE3595026D979E60047DCE8 /* Main.storyboard */,
			);
			path = Views;
			sourceTree = "<group>";
		};
		BA72ECB026DFBAB800C8489C /* Controllers */ = {
			isa = PBXGroup;
			children = (
				BAE3594E26D979E60047DCE8 /* ViewController.swift */,
			);
			path = Controllers;
			sourceTree = "<group>";
		};
		BAE3593E26D979E60047DCE8 = {
			isa = PBXGroup;
			children = (
				BA72ECA526DE9FE300C8489C /* Playground */,
				BAE3594926D979E60047DCE8 /* bank */,
				BAE3594826D979E60047DCE8 /* Products */,
				B4E306CBE74AA67524F31D22 /* Pods */,
				96976C941685D4C2CF2DECC9 /* Frameworks */,
			);
			sourceTree = "<group>";
		};
		BAE3594826D979E60047DCE8 /* Products */ = {
			isa = PBXGroup;
			children = (
				BAE3594726D979E60047DCE8 /* bank.app */,
			);
			name = Products;
			sourceTree = "<group>";
		};
		BAE3594926D979E60047DCE8 /* bank */ = {
			isa = PBXGroup;
			children = (
				BA72ECB026DFBAB800C8489C /* Controllers */,
				BA72ECAF26DFBAA400C8489C /* Views */,
				BA72ECAE26DFBA8100C8489C /* Models */,
				BAE3594A26D979E60047DCE8 /* AppDelegate.swift */,
				BAE3594C26D979E60047DCE8 /* SceneDelegate.swift */,
				BAE3595326D979E80047DCE8 /* Assets.xcassets */,
				BAE3595526D979E80047DCE8 /* LaunchScreen.storyboard */,
				BAE3595826D979E80047DCE8 /* Info.plist */,
			);
			path = bank;
			sourceTree = "<group>";
		};
/* End PBXGroup section */

/* Begin PBXNativeTarget section */
		BAE3594626D979E60047DCE8 /* bank */ = {
			isa = PBXNativeTarget;
			buildConfigurationList = BAE3595B26D979E80047DCE8 /* Build configuration list for PBXNativeTarget "bank" */;
			buildPhases = (
				29D3FCF51B4CAF7C41D3CE8D /* [CP] Check Pods Manifest.lock */,
				BAE3594326D979E60047DCE8 /* Sources */,
				BAE3594426D979E60047DCE8 /* Frameworks */,
				BAE3594526D979E60047DCE8 /* Resources */,
			);
			buildRules = (
			);
			dependencies = (
			);
			name = bank;
			productName = bank;
			productReference = BAE3594726D979E60047DCE8 /* bank.app */;
			productType = "com.apple.product-type.application";
		};
/* End PBXNativeTarget section */

/* Begin PBXProject section */
		BAE3593F26D979E60047DCE8 /* Project object */ = {
			isa = PBXProject;
			attributes = {
				LastSwiftUpdateCheck = 1250;
				LastUpgradeCheck = 1250;
				TargetAttributes = {
					BAE3594626D979E60047DCE8 = {
						CreatedOnToolsVersion = 12.5.1;
					};
				};
			};
			buildConfigurationList = BAE3594226D979E60047DCE8 /* Build configuration list for PBXProject "bank" */;
			compatibilityVersion = "Xcode 9.3";
			developmentRegion = en;
			hasScannedForEncodings = 0;
			knownRegions = (
				en,
				Base,
			);
			mainGroup = BAE3593E26D979E60047DCE8;
			productRefGroup = BAE3594826D979E60047DCE8 /* Products */;
			projectDirPath = "";
			projectRoot = "";
			targets = (
				BAE3594626D979E60047DCE8 /* bank */,
			);
		};
/* End PBXProject section */

/* Begin PBXResourcesBuildPhase section */
		BAE3594526D979E60047DCE8 /* Resources */ = {
			isa = PBXResourcesBuildPhase;
			buildActionMask = 2147483647;
			files = (
				BAE3595726D979E80047DCE8 /* LaunchScreen.storyboard in Resources */,
				BAE3595426D979E80047DCE8 /* Assets.xcassets in Resources */,
				BAE3595226D979E60047DCE8 /* Main.storyboard in Resources */,
			);
			runOnlyForDeploymentPostprocessing = 0;
		};
/* End PBXResourcesBuildPhase section */

/* Begin PBXShellScriptBuildPhase section */
		29D3FCF51B4CAF7C41D3CE8D /* [CP] Check Pods Manifest.lock */ = {
			isa = PBXShellScriptBuildPhase;
			buildActionMask = 2147483647;
			files = (
			);
			inputFileListPaths = (
			);
			inputPaths = (
				"${PODS_PODFILE_DIR_PATH}/Podfile.lock",
				"${PODS_ROOT}/Manifest.lock",
			);
			name = "[CP] Check Pods Manifest.lock";
			outputFileListPaths = (
			);
			outputPaths = (
				"$(DERIVED_FILE_DIR)/Pods-bank-checkManifestLockResult.txt",
			);
			runOnlyForDeploymentPostprocessing = 0;
			shellPath = /bin/sh;
			shellScript = "diff \"${PODS_PODFILE_DIR_PATH}/Podfile.lock\" \"${PODS_ROOT}/Manifest.lock\" > /dev/null\nif [ $? != 0 ] ; then\n    # print error to STDERR\n    echo \"error: The sandbox is not in sync with the Podfile.lock. Run 'pod install' or update your CocoaPods installation.\" >&2\n    exit 1\nfi\n# This output is used by Xcode 'outputs' to avoid re-running this script phase.\necho \"SUCCESS\" > \"${SCRIPT_OUTPUT_FILE_0}\"\n";
			showEnvVarsInLog = 0;
		};
/* End PBXShellScriptBuildPhase section */

/* Begin PBXSourcesBuildPhase section */
		BAE3594326D979E60047DCE8 /* Sources */ = {
			isa = PBXSourcesBuildPhase;
			buildActionMask = 2147483647;
			files = (
				BA72ECAD26DFB95100C8489C /* Item.swift in Sources */,
				BAE3594F26D979E60047DCE8 /* ViewController.swift in Sources */,
				BAE3594B26D979E60047DCE8 /* AppDelegate.swift in Sources */,
				BAE3594D26D979E60047DCE8 /* SceneDelegate.swift in Sources */,
				BA72ECAB26DFB90000C8489C /* Refeicao.swift in Sources */,
			);
			runOnlyForDeploymentPostprocessing = 0;
		};
/* End PBXSourcesBuildPhase section */

/* Begin PBXVariantGroup section */
		BAE3595026D979E60047DCE8 /* Main.storyboard */ = {
			isa = PBXVariantGroup;
			children = (
				BAE3595126D979E60047DCE8 /* Base */,
			);
			name = Main.storyboard;
			sourceTree = "<group>";
		};
		BAE3595526D979E80047DCE8 /* LaunchScreen.storyboard */ = {
			isa = PBXVariantGroup;
			children = (
				BAE3595626D979E80047DCE8 /* Base */,
			);
			name = LaunchScreen.storyboard;
			sourceTree = "<group>";
		};
/* End PBXVariantGroup section */

/* Begin XCBuildConfiguration section */
		BAE3595926D979E80047DCE8 /* Debug */ = {
			isa = XCBuildConfiguration;
			buildSettings = {
				ALWAYS_SEARCH_USER_PATHS = NO;
				CLANG_ANALYZER_NONNULL = YES;
				CLANG_ANALYZER_NUMBER_OBJECT_CONVERSION = YES_AGGRESSIVE;
				CLANG_CXX_LANGUAGE_STANDARD = "gnu++14";
				CLANG_CXX_LIBRARY = "libc++";
				CLANG_ENABLE_MODULES = YES;
				CLANG_ENABLE_OBJC_ARC = YES;
				CLANG_ENABLE_OBJC_WEAK = YES;
				CLANG_WARN_BLOCK_CAPTURE_AUTORELEASING = YES;
				CLANG_WARN_BOOL_CONVERSION = YES;
				CLANG_WARN_COMMA = YES;
				CLANG_WARN_CONSTANT_CONVERSION = YES;
				CLANG_WARN_DEPRECATED_OBJC_IMPLEMENTATIONS = YES;
				CLANG_WARN_DIRECT_OBJC_ISA_USAGE = YES_ERROR;
				CLANG_WARN_DOCUMENTATION_COMMENTS = YES;
				CLANG_WARN_EMPTY_BODY = YES;
				CLANG_WARN_ENUM_CONVERSION = YES;
				CLANG_WARN_INFINITE_RECURSION = YES;
				CLANG_WARN_INT_CONVERSION = YES;
				CLANG_WARN_NON_LITERAL_NULL_CONVERSION = YES;
				CLANG_WARN_OBJC_IMPLICIT_RETAIN_SELF = YES;
				CLANG_WARN_OBJC_LITERAL_CONVERSION = YES;
				CLANG_WARN_OBJC_ROOT_CLASS = YES_ERROR;
				CLANG_WARN_QUOTED_INCLUDE_IN_FRAMEWORK_HEADER = YES;
				CLANG_WARN_RANGE_LOOP_ANALYSIS = YES;
				CLANG_WARN_STRICT_PROTOTYPES = YES;
				CLANG_WARN_SUSPICIOUS_MOVE = YES;
				CLANG_WARN_UNGUARDED_AVAILABILITY = YES_AGGRESSIVE;
				CLANG_WARN_UNREACHABLE_CODE = YES;
				CLANG_WARN__DUPLICATE_METHOD_MATCH = YES;
				COPY_PHASE_STRIP = NO;
				DEBUG_INFORMATION_FORMAT = dwarf;
				ENABLE_STRICT_OBJC_MSGSEND = YES;
				ENABLE_TESTABILITY = YES;
				GCC_C_LANGUAGE_STANDARD = gnu11;
				GCC_DYNAMIC_NO_PIC = NO;
				GCC_NO_COMMON_BLOCKS = YES;
				GCC_OPTIMIZATION_LEVEL = 0;
				GCC_PREPROCESSOR_DEFINITIONS = (
					"DEBUG=1",
					"$(inherited)",
				);
				GCC_WARN_64_TO_32_BIT_CONVERSION = YES;
				GCC_WARN_ABOUT_RETURN_TYPE = YES_ERROR;
				GCC_WARN_UNDECLARED_SELECTOR = YES;
				GCC_WARN_UNINITIALIZED_AUTOS = YES_AGGRESSIVE;
				GCC_WARN_UNUSED_FUNCTION = YES;
				GCC_WARN_UNUSED_VARIABLE = YES;
				IPHONEOS_DEPLOYMENT_TARGET = 14.5;
				MTL_ENABLE_DEBUG_INFO = INCLUDE_SOURCE;
				MTL_FAST_MATH = YES;
				ONLY_ACTIVE_ARCH = YES;
				SDKROOT = iphoneos;
				SWIFT_ACTIVE_COMPILATION_CONDITIONS = DEBUG;
				SWIFT_OPTIMIZATION_LEVEL = "-Onone";
			};
			name = Debug;
		};
		BAE3595A26D979E80047DCE8 /* Release */ = {
			isa = XCBuildConfiguration;
			buildSettings = {
				ALWAYS_SEARCH_USER_PATHS = NO;
				CLANG_ANALYZER_NONNULL = YES;
				CLANG_ANALYZER_NUMBER_OBJECT_CONVERSION = YES_AGGRESSIVE;
				CLANG_CXX_LANGUAGE_STANDARD = "gnu++14";
				CLANG_CXX_LIBRARY = "libc++";
				CLANG_ENABLE_MODULES = YES;
				CLANG_ENABLE_OBJC_ARC = YES;
				CLANG_ENABLE_OBJC_WEAK = YES;
				CLANG_WARN_BLOCK_CAPTURE_AUTORELEASING = YES;
				CLANG_WARN_BOOL_CONVERSION = YES;
				CLANG_WARN_COMMA = YES;
				CLANG_WARN_CONSTANT_CONVERSION = YES;
				CLANG_WARN_DEPRECATED_OBJC_IMPLEMENTATIONS = YES;
				CLANG_WARN_DIRECT_OBJC_ISA_USAGE = YES_ERROR;
				CLANG_WARN_DOCUMENTATION_COMMENTS = YES;
				CLANG_WARN_EMPTY_BODY = YES;
				CLANG_WARN_ENUM_CONVERSION = YES;
				CLANG_WARN_INFINITE_RECURSION = YES;
				CLANG_WARN_INT_CONVERSION = YES;
				CLANG_WARN_NON_LITERAL_NULL_CONVERSION = YES;
				CLANG_WARN_OBJC_IMPLICIT_RETAIN_SELF = YES;
				CLANG_WARN_OBJC_LITERAL_CONVERSION = YES;
				CLANG_WARN_OBJC_ROOT_CLASS = YES_ERROR;
				CLANG_WARN_QUOTED_INCLUDE_IN_FRAMEWORK_HEADER = YES;
				CLANG_WARN_RANGE_LOOP_ANALYSIS = YES;
				CLANG_WARN_STRICT_PROTOTYPES = YES;
				CLANG_WARN_SUSPICIOUS_MOVE = YES;
				CLANG_WARN_UNGUARDED_AVAILABILITY = YES_AGGRESSIVE;
				CLANG_WARN_UNREACHABLE_CODE = YES;
				CLANG_WARN__DUPLICATE_METHOD_MATCH = YES;
				COPY_PHASE_STRIP = NO;
				DEBUG_INFORMATION_FORMAT = "dwarf-with-dsym";
				ENABLE_NS_ASSERTIONS = NO;
				ENABLE_STRICT_OBJC_MSGSEND = YES;
				GCC_C_LANGUAGE_STANDARD = gnu11;
				GCC_NO_COMMON_BLOCKS = YES;
				GCC_WARN_64_TO_32_BIT_CONVERSION = YES;
				GCC_WARN_ABOUT_RETURN_TYPE = YES_ERROR;
				GCC_WARN_UNDECLARED_SELECTOR = YES;
				GCC_WARN_UNINITIALIZED_AUTOS = YES_AGGRESSIVE;
				GCC_WARN_UNUSED_FUNCTION = YES;
				GCC_WARN_UNUSED_VARIABLE = YES;
				IPHONEOS_DEPLOYMENT_TARGET = 14.5;
				MTL_ENABLE_DEBUG_INFO = NO;
				MTL_FAST_MATH = YES;
				SDKROOT = iphoneos;
				SWIFT_COMPILATION_MODE = wholemodule;
				SWIFT_OPTIMIZATION_LEVEL = "-O";
				VALIDATE_PRODUCT = YES;
			};
			name = Release;
		};
		BAE3595C26D979E80047DCE8 /* Debug */ = {
			isa = XCBuildConfiguration;
			baseConfigurationReference = 4DE5B60F19754FF90E6A8BF0 /* Pods-bank.debug.xcconfig */;
			buildSettings = {
				ASSETCATALOG_COMPILER_APPICON_NAME = AppIcon;
				ASSETCATALOG_COMPILER_GLOBAL_ACCENT_COLOR_NAME = AccentColor;
				CODE_SIGN_STYLE = Automatic;
				INFOPLIST_FILE = bank/Info.plist;
				LD_RUNPATH_SEARCH_PATHS = (
					"$(inherited)",
					"@executable_path/Frameworks",
				);
				PRODUCT_BUNDLE_IDENTIFIER = com.solutins.bank;
				PRODUCT_NAME = "$(TARGET_NAME)";
				SWIFT_VERSION = 5.0;
				TARGETED_DEVICE_FAMILY = "1,2";
			};
			name = Debug;
		};
		BAE3595D26D979E80047DCE8 /* Release */ = {
			isa = XCBuildConfiguration;
			baseConfigurationReference = C4A23E6D80A10BAFB746673F /* Pods-bank.release.xcconfig */;
			buildSettings = {
				ASSETCATALOG_COMPILER_APPICON_NAME = AppIcon;
				ASSETCATALOG_COMPILER_GLOBAL_ACCENT_COLOR_NAME = AccentColor;
				CODE_SIGN_STYLE = Automatic;
				INFOPLIST_FILE = bank/Info.plist;
				LD_RUNPATH_SEARCH_PATHS = (
					"$(inherited)",
					"@executable_path/Frameworks",
				);
				PRODUCT_BUNDLE_IDENTIFIER = com.solutins.bank;
				PRODUCT_NAME = "$(TARGET_NAME)";
				SWIFT_VERSION = 5.0;
				TARGETED_DEVICE_FAMILY = "1,2";
			};
			name = Release;
		};
/* End XCBuildConfiguration section */

/* Begin XCConfigurationList section */
		BAE3594226D979E60047DCE8 /* Build configuration list for PBXProject "bank" */ = {
			isa = XCConfigurationList;
			buildConfigurations = (
				BAE3595926D979E80047DCE8 /* Debug */,
				BAE3595A26D979E80047DCE8 /* Release */,
			);
			defaultConfigurationIsVisible = 0;
			defaultConfigurationName = Release;
		};
		BAE3595B26D979E80047DCE8 /* Build configuration list for PBXNativeTarget "bank" */ = {
			isa = XCConfigurationList;
			buildConfigurations = (
				BAE3595C26D979E80047DCE8 /* Debug */,
				BAE3595D26D979E80047DCE8 /* Release */,
			);
			defaultConfigurationIsVisible = 0;
			defaultConfigurationName = Release;
		};
/* End XCConfigurationList section */
	};
	rootObject = BAE3593F26D979E60047DCE8 /* Project object */;
}
